// !$*UTF8*$!
{
	archiveVersion = 1;
	classes = {
	};
	objectVersion = 56;
	objects = {

/* Begin PBXBuildFile section */
		5002624F2AF6E9D3009BC50F /* DataLayer in Frameworks */ = {isa = PBXBuildFile; productRef = 5002624E2AF6E9D3009BC50F /* DataLayer */; };
		502048F12ACC7BF700487F57 /* ProductsGridComponent.swift in Sources */ = {isa = PBXBuildFile; fileRef = 502048F02ACC7BF700487F57 /* ProductsGridComponent.swift */; };
		502048F72ACC80F000487F57 /* ProductSliderView.swift in Sources */ = {isa = PBXBuildFile; fileRef = 502048F62ACC80F000487F57 /* ProductSliderView.swift */; };
		502048F92ACC81CB00487F57 /* TabView.swift in Sources */ = {isa = PBXBuildFile; fileRef = 502048F82ACC81CB00487F57 /* TabView.swift */; };
		502048FE2ACD162D00487F57 /* Buttons.swift in Sources */ = {isa = PBXBuildFile; fileRef = 502048FD2ACD162D00487F57 /* Buttons.swift */; };
		502049022ACD2FD700487F57 /* VerticalSizeControlView.swift in Sources */ = {isa = PBXBuildFile; fileRef = 502049012ACD2FD700487F57 /* VerticalSizeControlView.swift */; };
		502049042ACD313100487F57 /* FlipHorizontal.swift in Sources */ = {isa = PBXBuildFile; fileRef = 502049032ACD313100487F57 /* FlipHorizontal.swift */; };
		502049062ACD376E00487F57 /* ColorControlView.swift in Sources */ = {isa = PBXBuildFile; fileRef = 502049052ACD376E00487F57 /* ColorControlView.swift */; };
		5029FB642AF201E700E9B285 /* ShoppingCartScreen.swift in Sources */ = {isa = PBXBuildFile; fileRef = 5029FB632AF201E700E9B285 /* ShoppingCartScreen.swift */; };
		503FCAB52AF41DA3007DFADD /* SwiftCommonLibrary in Frameworks */ = {isa = PBXBuildFile; productRef = 503FCAB42AF41DA3007DFADD /* SwiftCommonLibrary */; };
		5092D4332AD2161800D50E8E /* ComponentTitlePreference.swift in Sources */ = {isa = PBXBuildFile; fileRef = 5092D4322AD2161800D50E8E /* ComponentTitlePreference.swift */; };
		50AA62CB2ACB74A1008DC0DD /* Main.swift in Sources */ = {isa = PBXBuildFile; fileRef = 50AA62CA2ACB74A1008DC0DD /* Main.swift */; };
		50AA62CF2ACB74A3008DC0DD /* Assets.xcassets in Resources */ = {isa = PBXBuildFile; fileRef = 50AA62CE2ACB74A3008DC0DD /* Assets.xcassets */; };
		50AA62D22ACB74A3008DC0DD /* Preview Assets.xcassets in Resources */ = {isa = PBXBuildFile; fileRef = 50AA62D12ACB74A3008DC0DD /* Preview Assets.xcassets */; };
		50AA62DC2ACB7621008DC0DD /* HomeScreen.swift in Sources */ = {isa = PBXBuildFile; fileRef = 50AA62DB2ACB7621008DC0DD /* HomeScreen.swift */; };
		50AA62DE2ACB764C008DC0DD /* ProductCardView.swift in Sources */ = {isa = PBXBuildFile; fileRef = 50AA62DD2ACB764C008DC0DD /* ProductCardView.swift */; };
		50AA62E32ACB79CA008DC0DD /* SliderCardView.swift in Sources */ = {isa = PBXBuildFile; fileRef = 50AA62E22ACB79CA008DC0DD /* SliderCardView.swift */; };
		50AA62E52ACBB18B008DC0DD /* SectionHeaderAction.swift in Sources */ = {isa = PBXBuildFile; fileRef = 50AA62E42ACBB18B008DC0DD /* SectionHeaderAction.swift */; };
		50AA62E72ACBB4B6008DC0DD /* ProductListScreen.swift in Sources */ = {isa = PBXBuildFile; fileRef = 50AA62E62ACBB4B6008DC0DD /* ProductListScreen.swift */; };
		50AA62E92ACBB56F008DC0DD /* ProductDetailScreen.swift in Sources */ = {isa = PBXBuildFile; fileRef = 50AA62E82ACBB56F008DC0DD /* ProductDetailScreen.swift */; };
		50AA63062ACBBF7E008DC0DD /* Satoshi-Light.ttf in Resources */ = {isa = PBXBuildFile; fileRef = 50AA63022ACBBF7D008DC0DD /* Satoshi-Light.ttf */; };
		50AA63072ACBBF7E008DC0DD /* Satoshi-Bold.ttf in Resources */ = {isa = PBXBuildFile; fileRef = 50AA63032ACBBF7D008DC0DD /* Satoshi-Bold.ttf */; };
		50AA63082ACBBF7E008DC0DD /* Satoshi-Black.ttf in Resources */ = {isa = PBXBuildFile; fileRef = 50AA63042ACBBF7D008DC0DD /* Satoshi-Black.ttf */; };
		50AA63092ACBBF7E008DC0DD /* Satoshi-Regular.ttf in Resources */ = {isa = PBXBuildFile; fileRef = 50AA63052ACBBF7E008DC0DD /* Satoshi-Regular.ttf */; };
		50AA630D2ACBBFE2008DC0DD /* Satoshi-Medium.ttf in Resources */ = {isa = PBXBuildFile; fileRef = 50AA630C2ACBBFE2008DC0DD /* Satoshi-Medium.ttf */; };
		50AA630F2ACBD80E008DC0DD /* MainSliderView.swift in Sources */ = {isa = PBXBuildFile; fileRef = 50AA630E2ACBD80E008DC0DD /* MainSliderView.swift */; };
		50B47AD72ACF6AB70001489C /* GlobalDataManager.swift in Sources */ = {isa = PBXBuildFile; fileRef = 50B47AD62ACF6AB70001489C /* GlobalDataManager.swift */; };
		50B47AD92ACF6E190001489C /* FavouritesScreen.swift in Sources */ = {isa = PBXBuildFile; fileRef = 50B47AD82ACF6E190001489C /* FavouritesScreen.swift */; };
		50BA627E2ACE1D570044D820 /* FeaturedProductImage.swift in Sources */ = {isa = PBXBuildFile; fileRef = 50BA627D2ACE1D570044D820 /* FeaturedProductImage.swift */; };
		50FADD6D2AF54FC500119D11 /* config.swift in Sources */ = {isa = PBXBuildFile; fileRef = 50FADD6C2AF54FC500119D11 /* config.swift */; };
		50FADD722AF5EEFE00119D11 /* CachedImage.swift in Sources */ = {isa = PBXBuildFile; fileRef = 50FADD712AF5EEFE00119D11 /* CachedImage.swift */; };
		50FADD742AF67C2600119D11 /* ImageErrorView.swift in Sources */ = {isa = PBXBuildFile; fileRef = 50FADD732AF67C2600119D11 /* ImageErrorView.swift */; };
		50FADD762AF67CAF00119D11 /* AsyncImageCached.swift in Sources */ = {isa = PBXBuildFile; fileRef = 50FADD752AF67CAF00119D11 /* AsyncImageCached.swift */; };
/* End PBXBuildFile section */

/* Begin PBXFileReference section */
		5002624D2AF6E8F1009BC50F /* DataLayer */ = {isa = PBXFileReference; lastKnownFileType = text; name = DataLayer; path = Sources/DataLayer; sourceTree = SOURCE_ROOT; };
		502048F02ACC7BF700487F57 /* ProductsGridComponent.swift */ = {isa = PBXFileReference; lastKnownFileType = sourcecode.swift; path = ProductsGridComponent.swift; sourceTree = "<group>"; };
		502048F62ACC80F000487F57 /* ProductSliderView.swift */ = {isa = PBXFileReference; lastKnownFileType = sourcecode.swift; path = ProductSliderView.swift; sourceTree = "<group>"; };
		502048F82ACC81CB00487F57 /* TabView.swift */ = {isa = PBXFileReference; lastKnownFileType = sourcecode.swift; path = TabView.swift; sourceTree = "<group>"; };
		502048FD2ACD162D00487F57 /* Buttons.swift */ = {isa = PBXFileReference; lastKnownFileType = sourcecode.swift; path = Buttons.swift; sourceTree = "<group>"; };
		502049012ACD2FD700487F57 /* VerticalSizeControlView.swift */ = {isa = PBXFileReference; lastKnownFileType = sourcecode.swift; path = VerticalSizeControlView.swift; sourceTree = "<group>"; };
		502049032ACD313100487F57 /* FlipHorizontal.swift */ = {isa = PBXFileReference; lastKnownFileType = sourcecode.swift; path = FlipHorizontal.swift; sourceTree = "<group>"; };
		502049052ACD376E00487F57 /* ColorControlView.swift */ = {isa = PBXFileReference; lastKnownFileType = sourcecode.swift; path = ColorControlView.swift; sourceTree = "<group>"; };
		5029FB632AF201E700E9B285 /* ShoppingCartScreen.swift */ = {isa = PBXFileReference; lastKnownFileType = sourcecode.swift; path = ShoppingCartScreen.swift; sourceTree = "<group>"; };
		5092D4322AD2161800D50E8E /* ComponentTitlePreference.swift */ = {isa = PBXFileReference; lastKnownFileType = sourcecode.swift; path = ComponentTitlePreference.swift; sourceTree = "<group>"; };
		50AA62C72ACB74A1008DC0DD /* Shoe Store.app */ = {isa = PBXFileReference; explicitFileType = wrapper.application; includeInIndex = 0; path = "Shoe Store.app"; sourceTree = BUILT_PRODUCTS_DIR; };
		50AA62CA2ACB74A1008DC0DD /* Main.swift */ = {isa = PBXFileReference; lastKnownFileType = sourcecode.swift; path = Main.swift; sourceTree = "<group>"; };
		50AA62CE2ACB74A3008DC0DD /* Assets.xcassets */ = {isa = PBXFileReference; lastKnownFileType = folder.assetcatalog; path = Assets.xcassets; sourceTree = "<group>"; };
		50AA62D12ACB74A3008DC0DD /* Preview Assets.xcassets */ = {isa = PBXFileReference; lastKnownFileType = folder.assetcatalog; path = "Preview Assets.xcassets"; sourceTree = "<group>"; };
		50AA62DB2ACB7621008DC0DD /* HomeScreen.swift */ = {isa = PBXFileReference; lastKnownFileType = sourcecode.swift; path = HomeScreen.swift; sourceTree = "<group>"; };
		50AA62DD2ACB764C008DC0DD /* ProductCardView.swift */ = {isa = PBXFileReference; lastKnownFileType = sourcecode.swift; path = ProductCardView.swift; sourceTree = "<group>"; };
		50AA62E22ACB79CA008DC0DD /* SliderCardView.swift */ = {isa = PBXFileReference; lastKnownFileType = sourcecode.swift; path = SliderCardView.swift; sourceTree = "<group>"; };
		50AA62E42ACBB18B008DC0DD /* SectionHeaderAction.swift */ = {isa = PBXFileReference; lastKnownFileType = sourcecode.swift; path = SectionHeaderAction.swift; sourceTree = "<group>"; };
		50AA62E62ACBB4B6008DC0DD /* ProductListScreen.swift */ = {isa = PBXFileReference; lastKnownFileType = sourcecode.swift; path = ProductListScreen.swift; sourceTree = "<group>"; };
		50AA62E82ACBB56F008DC0DD /* ProductDetailScreen.swift */ = {isa = PBXFileReference; lastKnownFileType = sourcecode.swift; path = ProductDetailScreen.swift; sourceTree = "<group>"; };
		50AA63012ACBBDEA008DC0DD /* Info.plist */ = {isa = PBXFileReference; lastKnownFileType = text.plist.xml; path = Info.plist; sourceTree = "<group>"; };
		50AA63022ACBBF7D008DC0DD /* Satoshi-Light.ttf */ = {isa = PBXFileReference; lastKnownFileType = file; path = "Satoshi-Light.ttf"; sourceTree = "<group>"; };
		50AA63032ACBBF7D008DC0DD /* Satoshi-Bold.ttf */ = {isa = PBXFileReference; lastKnownFileType = file; path = "Satoshi-Bold.ttf"; sourceTree = "<group>"; };
		50AA63042ACBBF7D008DC0DD /* Satoshi-Black.ttf */ = {isa = PBXFileReference; lastKnownFileType = file; path = "Satoshi-Black.ttf"; sourceTree = "<group>"; };
		50AA63052ACBBF7E008DC0DD /* Satoshi-Regular.ttf */ = {isa = PBXFileReference; lastKnownFileType = file; path = "Satoshi-Regular.ttf"; sourceTree = "<group>"; };
		50AA630C2ACBBFE2008DC0DD /* Satoshi-Medium.ttf */ = {isa = PBXFileReference; lastKnownFileType = file; path = "Satoshi-Medium.ttf"; sourceTree = "<group>"; };
		50AA630E2ACBD80E008DC0DD /* MainSliderView.swift */ = {isa = PBXFileReference; lastKnownFileType = sourcecode.swift; path = MainSliderView.swift; sourceTree = "<group>"; };
		50B47AD62ACF6AB70001489C /* GlobalDataManager.swift */ = {isa = PBXFileReference; lastKnownFileType = sourcecode.swift; path = GlobalDataManager.swift; sourceTree = "<group>"; };
		50B47AD82ACF6E190001489C /* FavouritesScreen.swift */ = {isa = PBXFileReference; lastKnownFileType = sourcecode.swift; path = FavouritesScreen.swift; sourceTree = "<group>"; };
		50BA627D2ACE1D570044D820 /* FeaturedProductImage.swift */ = {isa = PBXFileReference; lastKnownFileType = sourcecode.swift; path = FeaturedProductImage.swift; sourceTree = "<group>"; };
		50FADD6C2AF54FC500119D11 /* config.swift */ = {isa = PBXFileReference; lastKnownFileType = sourcecode.swift; path = config.swift; sourceTree = "<group>"; };
		50FADD712AF5EEFE00119D11 /* CachedImage.swift */ = {isa = PBXFileReference; lastKnownFileType = sourcecode.swift; path = CachedImage.swift; sourceTree = "<group>"; };
		50FADD732AF67C2600119D11 /* ImageErrorView.swift */ = {isa = PBXFileReference; lastKnownFileType = sourcecode.swift; path = ImageErrorView.swift; sourceTree = "<group>"; };
		50FADD752AF67CAF00119D11 /* AsyncImageCached.swift */ = {isa = PBXFileReference; lastKnownFileType = sourcecode.swift; path = AsyncImageCached.swift; sourceTree = "<group>"; };
		50FADD7C2AF6A05900119D11 /* Services */ = {isa = PBXFileReference; lastKnownFileType = text; name = Services; path = Sources/Services; sourceTree = SOURCE_ROOT; };
		50FADD812AF6BC2C00119D11 /* StoreNetwork */ = {isa = PBXFileReference; lastKnownFileType = wrapper; name = StoreNetwork; path = Sources/StoreNetwork; sourceTree = "<group>"; };
		50FADD822AF6BC3E00119D11 /* StoreNetwork */ = {isa = PBXFileReference; lastKnownFileType = text; name = StoreNetwork; path = Sources/StoreNetwork; sourceTree = SOURCE_ROOT; };
/* End PBXFileReference section */

/* Begin PBXFrameworksBuildPhase section */
		50AA62C42ACB74A1008DC0DD /* Frameworks */ = {
			isa = PBXFrameworksBuildPhase;
			buildActionMask = 2147483647;
			files = (
				503FCAB52AF41DA3007DFADD /* SwiftCommonLibrary in Frameworks */,
				5002624F2AF6E9D3009BC50F /* DataLayer in Frameworks */,
			);
			runOnlyForDeploymentPostprocessing = 0;
		};
/* End PBXFrameworksBuildPhase section */

/* Begin PBXGroup section */
		500262502AF70E8E009BC50F /* Assets */ = {
			isa = PBXGroup;
			children = (
				50AA62CE2ACB74A3008DC0DD /* Assets.xcassets */,
				50AA62EC2ACBBDB8008DC0DD /* Fonts */,
			);
			path = Assets;
			sourceTree = "<group>";
		};
		502048F22ACC7F7A00487F57 /* Cards */ = {
			isa = PBXGroup;
			children = (
				50AA62DD2ACB764C008DC0DD /* ProductCardView.swift */,
				50AA62E22ACB79CA008DC0DD /* SliderCardView.swift */,
			);
			path = Cards;
			sourceTree = "<group>";
		};
		502048F32ACC802C00487F57 /* Headers */ = {
			isa = PBXGroup;
			children = (
				50AA62E42ACBB18B008DC0DD /* SectionHeaderAction.swift */,
			);
			path = Headers;
			sourceTree = "<group>";
		};
		502048F52ACC803700487F57 /* Lists */ = {
			isa = PBXGroup;
			children = (
			);
			path = Lists;
			sourceTree = "<group>";
		};
		502048FC2ACD160B00487F57 /* Buttons */ = {
			isa = PBXGroup;
			children = (
				502048FD2ACD162D00487F57 /* Buttons.swift */,
			);
			path = Buttons;
			sourceTree = "<group>";
		};
		5029FB652AF292BF00E9B285 /* UI */ = {
			isa = PBXGroup;
			children = (
				50AA62D92ACB7602008DC0DD /* Views */,
				50B47AD12ACF42AD0001489C /* ViewModifiers */,
				5092D4312AD2160700D50E8E /* Preferences */,
				50BA627C2ACE1B990044D820 /* Components */,
			);
			path = UI;
			sourceTree = "<group>";
		};
		5029FB662AF2931300E9B285 /* Home */ = {
			isa = PBXGroup;
			children = (
				50AA62DB2ACB7621008DC0DD /* HomeScreen.swift */,
			);
			path = Home;
			sourceTree = "<group>";
		};
		5029FB672AF2931A00E9B285 /* Cart */ = {
			isa = PBXGroup;
			children = (
				5029FB632AF201E700E9B285 /* ShoppingCartScreen.swift */,
			);
			path = Cart;
			sourceTree = "<group>";
		};
		5029FB682AF2932C00E9B285 /* Favourites */ = {
			isa = PBXGroup;
			children = (
				50B47AD82ACF6E190001489C /* FavouritesScreen.swift */,
			);
			path = Favourites;
			sourceTree = "<group>";
		};
		5029FB692AF2933B00E9B285 /* ProductList */ = {
			isa = PBXGroup;
			children = (
				50AA62E62ACBB4B6008DC0DD /* ProductListScreen.swift */,
			);
			path = ProductList;
			sourceTree = "<group>";
		};
		5029FB6A2AF2934A00E9B285 /* ProductDetail */ = {
			isa = PBXGroup;
			children = (
				50AA62E82ACBB56F008DC0DD /* ProductDetailScreen.swift */,
			);
			path = ProductDetail;
			sourceTree = "<group>";
		};
		503FCAB02AF418E0007DFADD /* Application */ = {
			isa = PBXGroup;
			children = (
				50AA63012ACBBDEA008DC0DD /* Info.plist */,
				50B47AD62ACF6AB70001489C /* GlobalDataManager.swift */,
				50FADD6C2AF54FC500119D11 /* config.swift */,
			);
			path = Application;
			sourceTree = "<group>";
		};
		5092D4312AD2160700D50E8E /* Preferences */ = {
			isa = PBXGroup;
			children = (
				5092D4322AD2161800D50E8E /* ComponentTitlePreference.swift */,
			);
			path = Preferences;
			sourceTree = "<group>";
		};
		50AA62BE2ACB74A1008DC0DD = {
			isa = PBXGroup;
			children = (
				50AA62C92ACB74A1008DC0DD /* ShoeStoreWithRedux */,
				50AA62C82ACB74A1008DC0DD /* Products */,
				50FADD692AF496CE00119D11 /* Frameworks */,
			);
			sourceTree = "<group>";
		};
		50AA62C82ACB74A1008DC0DD /* Products */ = {
			isa = PBXGroup;
			children = (
				50AA62C72ACB74A1008DC0DD /* Shoe Store.app */,
			);
			name = Products;
			sourceTree = "<group>";
		};
		50AA62C92ACB74A1008DC0DD /* ShoeStoreWithRedux */ = {
			isa = PBXGroup;
			children = (
				50AA62CA2ACB74A1008DC0DD /* Main.swift */,
				503FCAB02AF418E0007DFADD /* Application */,
				50AA62D82ACB75FC008DC0DD /* Screens */,
				5029FB652AF292BF00E9B285 /* UI */,
				500262502AF70E8E009BC50F /* Assets */,
				5002624D2AF6E8F1009BC50F /* DataLayer */,
				50FADD7C2AF6A05900119D11 /* Services */,
				50FADD822AF6BC3E00119D11 /* StoreNetwork */,
				50AA62D02ACB74A3008DC0DD /* Preview Content */,
			);
			path = ShoeStoreWithRedux;
			sourceTree = "<group>";
		};
		50AA62D02ACB74A3008DC0DD /* Preview Content */ = {
			isa = PBXGroup;
			children = (
				50AA62D12ACB74A3008DC0DD /* Preview Assets.xcassets */,
			);
			path = "Preview Content";
			sourceTree = "<group>";
		};
		50AA62D82ACB75FC008DC0DD /* Screens */ = {
			isa = PBXGroup;
			children = (
				502048F82ACC81CB00487F57 /* TabView.swift */,
				5029FB662AF2931300E9B285 /* Home */,
				5029FB682AF2932C00E9B285 /* Favourites */,
				5029FB672AF2931A00E9B285 /* Cart */,
				5029FB692AF2933B00E9B285 /* ProductList */,
				5029FB6A2AF2934A00E9B285 /* ProductDetail */,
			);
			path = Screens;
			sourceTree = "<group>";
		};
		50AA62D92ACB7602008DC0DD /* Views */ = {
			isa = PBXGroup;
			children = (
				502048FC2ACD160B00487F57 /* Buttons */,
				502048F52ACC803700487F57 /* Lists */,
				502048F32ACC802C00487F57 /* Headers */,
				502048F22ACC7F7A00487F57 /* Cards */,
				50BA627D2ACE1D570044D820 /* FeaturedProductImage.swift */,
				50FADD732AF67C2600119D11 /* ImageErrorView.swift */,
			);
			path = Views;
			sourceTree = "<group>";
		};
		50AA62EC2ACBBDB8008DC0DD /* Fonts */ = {
			isa = PBXGroup;
			children = (
				50AA63042ACBBF7D008DC0DD /* Satoshi-Black.ttf */,
				50AA63032ACBBF7D008DC0DD /* Satoshi-Bold.ttf */,
				50AA63022ACBBF7D008DC0DD /* Satoshi-Light.ttf */,
				50AA630C2ACBBFE2008DC0DD /* Satoshi-Medium.ttf */,
				50AA63052ACBBF7E008DC0DD /* Satoshi-Regular.ttf */,
			);
			path = Fonts;
			sourceTree = "<group>";
		};
		50B47AD12ACF42AD0001489C /* ViewModifiers */ = {
			isa = PBXGroup;
			children = (
				502049032ACD313100487F57 /* FlipHorizontal.swift */,
			);
			path = ViewModifiers;
			sourceTree = "<group>";
		};
		50BA627C2ACE1B990044D820 /* Components */ = {
			isa = PBXGroup;
			children = (
				50FADD702AF5EEE500119D11 /* Utils */,
				502049012ACD2FD700487F57 /* VerticalSizeControlView.swift */,
				502049052ACD376E00487F57 /* ColorControlView.swift */,
				50AA630E2ACBD80E008DC0DD /* MainSliderView.swift */,
				502048F62ACC80F000487F57 /* ProductSliderView.swift */,
				502048F02ACC7BF700487F57 /* ProductsGridComponent.swift */,
			);
			path = Components;
			sourceTree = "<group>";
		};
		50FADD692AF496CE00119D11 /* Frameworks */ = {
			isa = PBXGroup;
			children = (
				50FADD812AF6BC2C00119D11 /* StoreNetwork */,
			);
			name = Frameworks;
			sourceTree = "<group>";
		};
		50FADD702AF5EEE500119D11 /* Utils */ = {
			isa = PBXGroup;
			children = (
				50FADD712AF5EEFE00119D11 /* CachedImage.swift */,
				50FADD752AF67CAF00119D11 /* AsyncImageCached.swift */,
			);
			path = Utils;
			sourceTree = "<group>";
		};
/* End PBXGroup section */

/* Begin PBXNativeTarget section */
		50AA62C62ACB74A1008DC0DD /* Shoe Store */ = {
			isa = PBXNativeTarget;
			buildConfigurationList = 50AA62D52ACB74A3008DC0DD /* Build configuration list for PBXNativeTarget "Shoe Store" */;
			buildPhases = (
				50AA62C32ACB74A1008DC0DD /* Sources */,
				50AA62C42ACB74A1008DC0DD /* Frameworks */,
				50AA62C52ACB74A1008DC0DD /* Resources */,
			);
			buildRules = (
			);
			dependencies = (
			);
			name = "Shoe Store";
			packageProductDependencies = (
				503FCAB42AF41DA3007DFADD /* SwiftCommonLibrary */,
				5002624E2AF6E9D3009BC50F /* DataLayer */,
			);
			productName = ShoeStoreWithRedux;
			productReference = 50AA62C72ACB74A1008DC0DD /* Shoe Store.app */;
			productType = "com.apple.product-type.application";
		};
/* End PBXNativeTarget section */

/* Begin PBXProject section */
		50AA62BF2ACB74A1008DC0DD /* Project object */ = {
			isa = PBXProject;
			attributes = {
				BuildIndependentTargetsInParallel = 1;
				LastSwiftUpdateCheck = 1500;
				LastUpgradeCheck = 1500;
				TargetAttributes = {
					50AA62C62ACB74A1008DC0DD = {
						CreatedOnToolsVersion = 15.0;
					};
				};
			};
			buildConfigurationList = 50AA62C22ACB74A1008DC0DD /* Build configuration list for PBXProject "Shoe Store" */;
			compatibilityVersion = "Xcode 14.0";
			developmentRegion = en;
			hasScannedForEncodings = 0;
			knownRegions = (
				en,
				Base,
			);
			mainGroup = 50AA62BE2ACB74A1008DC0DD;
			packageReferences = (
				503FCAB32AF41DA3007DFADD /* XCRemoteSwiftPackageReference "SwiftCommonLibrary" */,
			);
			productRefGroup = 50AA62C82ACB74A1008DC0DD /* Products */;
			projectDirPath = "";
			projectRoot = "";
			targets = (
				50AA62C62ACB74A1008DC0DD /* Shoe Store */,
			);
		};
/* End PBXProject section */

/* Begin PBXResourcesBuildPhase section */
		50AA62C52ACB74A1008DC0DD /* Resources */ = {
			isa = PBXResourcesBuildPhase;
			buildActionMask = 2147483647;
			files = (
				50AA630D2ACBBFE2008DC0DD /* Satoshi-Medium.ttf in Resources */,
				50AA62D22ACB74A3008DC0DD /* Preview Assets.xcassets in Resources */,
				50AA63082ACBBF7E008DC0DD /* Satoshi-Black.ttf in Resources */,
				50AA63072ACBBF7E008DC0DD /* Satoshi-Bold.ttf in Resources */,
				50AA62CF2ACB74A3008DC0DD /* Assets.xcassets in Resources */,
				50AA63062ACBBF7E008DC0DD /* Satoshi-Light.ttf in Resources */,
				50AA63092ACBBF7E008DC0DD /* Satoshi-Regular.ttf in Resources */,
			);
			runOnlyForDeploymentPostprocessing = 0;
		};
/* End PBXResourcesBuildPhase section */

/* Begin PBXSourcesBuildPhase section */
		50AA62C32ACB74A1008DC0DD /* Sources */ = {
			isa = PBXSourcesBuildPhase;
			buildActionMask = 2147483647;
			files = (
				502048F72ACC80F000487F57 /* ProductSliderView.swift in Sources */,
				50AA62E32ACB79CA008DC0DD /* SliderCardView.swift in Sources */,
				50AA62E52ACBB18B008DC0DD /* SectionHeaderAction.swift in Sources */,
				502049042ACD313100487F57 /* FlipHorizontal.swift in Sources */,
				50AA62CB2ACB74A1008DC0DD /* Main.swift in Sources */,
				502048F12ACC7BF700487F57 /* ProductsGridComponent.swift in Sources */,
				502048FE2ACD162D00487F57 /* Buttons.swift in Sources */,
				502049062ACD376E00487F57 /* ColorControlView.swift in Sources */,
				502049022ACD2FD700487F57 /* VerticalSizeControlView.swift in Sources */,
				50FADD722AF5EEFE00119D11 /* CachedImage.swift in Sources */,
				50B47AD92ACF6E190001489C /* FavouritesScreen.swift in Sources */,
				50B47AD72ACF6AB70001489C /* GlobalDataManager.swift in Sources */,
				50AA630F2ACBD80E008DC0DD /* MainSliderView.swift in Sources */,
				50AA62E92ACBB56F008DC0DD /* ProductDetailScreen.swift in Sources */,
				50FADD6D2AF54FC500119D11 /* config.swift in Sources */,
				50AA62E72ACBB4B6008DC0DD /* ProductListScreen.swift in Sources */,
				50AA62DE2ACB764C008DC0DD /* ProductCardView.swift in Sources */,
				5092D4332AD2161800D50E8E /* ComponentTitlePreference.swift in Sources */,
				502048F92ACC81CB00487F57 /* TabView.swift in Sources */,
				50AA62DC2ACB7621008DC0DD /* HomeScreen.swift in Sources */,
				50FADD762AF67CAF00119D11 /* AsyncImageCached.swift in Sources */,
				50FADD742AF67C2600119D11 /* ImageErrorView.swift in Sources */,
				50BA627E2ACE1D570044D820 /* FeaturedProductImage.swift in Sources */,
				5029FB642AF201E700E9B285 /* ShoppingCartScreen.swift in Sources */,
			);
			runOnlyForDeploymentPostprocessing = 0;
		};
/* End PBXSourcesBuildPhase section */

/* Begin XCBuildConfiguration section */
		50AA62D32ACB74A3008DC0DD /* Debug */ = {
			isa = XCBuildConfiguration;
			buildSettings = {
				ALWAYS_SEARCH_USER_PATHS = NO;
				ASSETCATALOG_COMPILER_GENERATE_SWIFT_ASSET_SYMBOL_EXTENSIONS = YES;
				CLANG_ANALYZER_NONNULL = YES;
				CLANG_ANALYZER_NUMBER_OBJECT_CONVERSION = YES_AGGRESSIVE;
				CLANG_CXX_LANGUAGE_STANDARD = "gnu++20";
				CLANG_ENABLE_MODULES = YES;
				CLANG_ENABLE_OBJC_ARC = YES;
				CLANG_ENABLE_OBJC_WEAK = YES;
				CLANG_WARN_BLOCK_CAPTURE_AUTORELEASING = YES;
				CLANG_WARN_BOOL_CONVERSION = YES;
				CLANG_WARN_COMMA = YES;
				CLANG_WARN_CONSTANT_CONVERSION = YES;
				CLANG_WARN_DEPRECATED_OBJC_IMPLEMENTATIONS = YES;
				CLANG_WARN_DIRECT_OBJC_ISA_USAGE = YES_ERROR;
				CLANG_WARN_DOCUMENTATION_COMMENTS = YES;
				CLANG_WARN_EMPTY_BODY = YES;
				CLANG_WARN_ENUM_CONVERSION = YES;
				CLANG_WARN_INFINITE_RECURSION = YES;
				CLANG_WARN_INT_CONVERSION = YES;
				CLANG_WARN_NON_LITERAL_NULL_CONVERSION = YES;
				CLANG_WARN_OBJC_IMPLICIT_RETAIN_SELF = YES;
				CLANG_WARN_OBJC_LITERAL_CONVERSION = YES;
				CLANG_WARN_OBJC_ROOT_CLASS = YES_ERROR;
				CLANG_WARN_QUOTED_INCLUDE_IN_FRAMEWORK_HEADER = YES;
				CLANG_WARN_RANGE_LOOP_ANALYSIS = YES;
				CLANG_WARN_STRICT_PROTOTYPES = YES;
				CLANG_WARN_SUSPICIOUS_MOVE = YES;
				CLANG_WARN_UNGUARDED_AVAILABILITY = YES_AGGRESSIVE;
				CLANG_WARN_UNREACHABLE_CODE = YES;
				CLANG_WARN__DUPLICATE_METHOD_MATCH = YES;
				COPY_PHASE_STRIP = NO;
				DEBUG_INFORMATION_FORMAT = dwarf;
				ENABLE_STRICT_OBJC_MSGSEND = YES;
				ENABLE_TESTABILITY = YES;
				ENABLE_USER_SCRIPT_SANDBOXING = YES;
				GCC_C_LANGUAGE_STANDARD = gnu17;
				GCC_DYNAMIC_NO_PIC = NO;
				GCC_NO_COMMON_BLOCKS = YES;
				GCC_OPTIMIZATION_LEVEL = 0;
				GCC_PREPROCESSOR_DEFINITIONS = (
					"DEBUG=1",
					"$(inherited)",
				);
				GCC_WARN_64_TO_32_BIT_CONVERSION = YES;
				GCC_WARN_ABOUT_RETURN_TYPE = YES_ERROR;
				GCC_WARN_UNDECLARED_SELECTOR = YES;
				GCC_WARN_UNINITIALIZED_AUTOS = YES_AGGRESSIVE;
				GCC_WARN_UNUSED_FUNCTION = YES;
				GCC_WARN_UNUSED_VARIABLE = YES;
				IPHONEOS_DEPLOYMENT_TARGET = 17.0;
				LOCALIZATION_PREFERS_STRING_CATALOGS = YES;
				MTL_ENABLE_DEBUG_INFO = INCLUDE_SOURCE;
				MTL_FAST_MATH = YES;
				ONLY_ACTIVE_ARCH = YES;
				SDKROOT = iphoneos;
				SWIFT_ACTIVE_COMPILATION_CONDITIONS = "DEBUG $(inherited)";
				SWIFT_OPTIMIZATION_LEVEL = "-Onone";
			};
			name = Debug;
		};
		50AA62D42ACB74A3008DC0DD /* Release */ = {
			isa = XCBuildConfiguration;
			buildSettings = {
				ALWAYS_SEARCH_USER_PATHS = NO;
				ASSETCATALOG_COMPILER_GENERATE_SWIFT_ASSET_SYMBOL_EXTENSIONS = YES;
				CLANG_ANALYZER_NONNULL = YES;
				CLANG_ANALYZER_NUMBER_OBJECT_CONVERSION = YES_AGGRESSIVE;
				CLANG_CXX_LANGUAGE_STANDARD = "gnu++20";
				CLANG_ENABLE_MODULES = YES;
				CLANG_ENABLE_OBJC_ARC = YES;
				CLANG_ENABLE_OBJC_WEAK = YES;
				CLANG_WARN_BLOCK_CAPTURE_AUTORELEASING = YES;
				CLANG_WARN_BOOL_CONVERSION = YES;
				CLANG_WARN_COMMA = YES;
				CLANG_WARN_CONSTANT_CONVERSION = YES;
				CLANG_WARN_DEPRECATED_OBJC_IMPLEMENTATIONS = YES;
				CLANG_WARN_DIRECT_OBJC_ISA_USAGE = YES_ERROR;
				CLANG_WARN_DOCUMENTATION_COMMENTS = YES;
				CLANG_WARN_EMPTY_BODY = YES;
				CLANG_WARN_ENUM_CONVERSION = YES;
				CLANG_WARN_INFINITE_RECURSION = YES;
				CLANG_WARN_INT_CONVERSION = YES;
				CLANG_WARN_NON_LITERAL_NULL_CONVERSION = YES;
				CLANG_WARN_OBJC_IMPLICIT_RETAIN_SELF = YES;
				CLANG_WARN_OBJC_LITERAL_CONVERSION = YES;
				CLANG_WARN_OBJC_ROOT_CLASS = YES_ERROR;
				CLANG_WARN_QUOTED_INCLUDE_IN_FRAMEWORK_HEADER = YES;
				CLANG_WARN_RANGE_LOOP_ANALYSIS = YES;
				CLANG_WARN_STRICT_PROTOTYPES = YES;
				CLANG_WARN_SUSPICIOUS_MOVE = YES;
				CLANG_WARN_UNGUARDED_AVAILABILITY = YES_AGGRESSIVE;
				CLANG_WARN_UNREACHABLE_CODE = YES;
				CLANG_WARN__DUPLICATE_METHOD_MATCH = YES;
				COPY_PHASE_STRIP = NO;
				DEBUG_INFORMATION_FORMAT = "dwarf-with-dsym";
				ENABLE_NS_ASSERTIONS = NO;
				ENABLE_STRICT_OBJC_MSGSEND = YES;
				ENABLE_USER_SCRIPT_SANDBOXING = YES;
				GCC_C_LANGUAGE_STANDARD = gnu17;
				GCC_NO_COMMON_BLOCKS = YES;
				GCC_WARN_64_TO_32_BIT_CONVERSION = YES;
				GCC_WARN_ABOUT_RETURN_TYPE = YES_ERROR;
				GCC_WARN_UNDECLARED_SELECTOR = YES;
				GCC_WARN_UNINITIALIZED_AUTOS = YES_AGGRESSIVE;
				GCC_WARN_UNUSED_FUNCTION = YES;
				GCC_WARN_UNUSED_VARIABLE = YES;
				IPHONEOS_DEPLOYMENT_TARGET = 17.0;
				LOCALIZATION_PREFERS_STRING_CATALOGS = YES;
				MTL_ENABLE_DEBUG_INFO = NO;
				MTL_FAST_MATH = YES;
				SDKROOT = iphoneos;
				SWIFT_COMPILATION_MODE = wholemodule;
				VALIDATE_PRODUCT = YES;
			};
			name = Release;
		};
		50AA62D62ACB74A3008DC0DD /* Debug */ = {
			isa = XCBuildConfiguration;
			buildSettings = {
				ASSETCATALOG_COMPILER_APPICON_NAME = AppIcon;
				ASSETCATALOG_COMPILER_GLOBAL_ACCENT_COLOR_NAME = AccentColor;
				CODE_SIGN_STYLE = Automatic;
				CURRENT_PROJECT_VERSION = 1;
				DEVELOPMENT_ASSET_PATHS = "\"ShoeStoreWithRedux/Preview Content\"";
				DEVELOPMENT_TEAM = AAL663Y363;
				ENABLE_PREVIEWS = YES;
				GENERATE_INFOPLIST_FILE = YES;
				INFOPLIST_FILE = ShoeStoreWithRedux/Application/Info.plist;
				INFOPLIST_KEY_UIApplicationSceneManifest_Generation = YES;
				INFOPLIST_KEY_UIApplicationSupportsIndirectInputEvents = YES;
				INFOPLIST_KEY_UILaunchScreen_Generation = YES;
				INFOPLIST_KEY_UISupportedInterfaceOrientations = UIInterfaceOrientationPortrait;
				INFOPLIST_KEY_UISupportedInterfaceOrientations_iPad = "UIInterfaceOrientationLandscapeLeft UIInterfaceOrientationLandscapeRight UIInterfaceOrientationPortrait UIInterfaceOrientationPortraitUpsideDown";
				LD_RUNPATH_SEARCH_PATHS = (
					"$(inherited)",
					"@executable_path/Frameworks",
				);
				MARKETING_VERSION = 1.0;
				PRODUCT_BUNDLE_IDENTIFIER = dev.maxward.ShoeStoreWithRedux;
				PRODUCT_NAME = "$(TARGET_NAME)";
				SUPPORTED_PLATFORMS = "iphoneos iphonesimulator";
				SUPPORTS_MACCATALYST = NO;
				SUPPORTS_MAC_DESIGNED_FOR_IPHONE_IPAD = NO;
				SWIFT_EMIT_LOC_STRINGS = YES;
				SWIFT_VERSION = 5.0;
				TARGETED_DEVICE_FAMILY = 1;
			};
			name = Debug;
		};
		50AA62D72ACB74A3008DC0DD /* Release */ = {
			isa = XCBuildConfiguration;
			buildSettings = {
				ASSETCATALOG_COMPILER_APPICON_NAME = AppIcon;
				ASSETCATALOG_COMPILER_GLOBAL_ACCENT_COLOR_NAME = AccentColor;
				CODE_SIGN_STYLE = Automatic;
				CURRENT_PROJECT_VERSION = 1;
				DEVELOPMENT_ASSET_PATHS = "\"ShoeStoreWithRedux/Preview Content\"";
				DEVELOPMENT_TEAM = AAL663Y363;
				ENABLE_PREVIEWS = YES;
				GENERATE_INFOPLIST_FILE = YES;
				INFOPLIST_FILE = ShoeStoreWithRedux/Application/Info.plist;
				INFOPLIST_KEY_UIApplicationSceneManifest_Generation = YES;
				INFOPLIST_KEY_UIApplicationSupportsIndirectInputEvents = YES;
				INFOPLIST_KEY_UILaunchScreen_Generation = YES;
				INFOPLIST_KEY_UISupportedInterfaceOrientations = UIInterfaceOrientationPortrait;
				INFOPLIST_KEY_UISupportedInterfaceOrientations_iPad = "UIInterfaceOrientationLandscapeLeft UIInterfaceOrientationLandscapeRight UIInterfaceOrientationPortrait UIInterfaceOrientationPortraitUpsideDown";
				LD_RUNPATH_SEARCH_PATHS = (
					"$(inherited)",
					"@executable_path/Frameworks",
				);
				MARKETING_VERSION = 1.0;
				PRODUCT_BUNDLE_IDENTIFIER = dev.maxward.ShoeStoreWithRedux;
				PRODUCT_NAME = "$(TARGET_NAME)";
				SUPPORTED_PLATFORMS = "iphoneos iphonesimulator";
				SUPPORTS_MACCATALYST = NO;
				SUPPORTS_MAC_DESIGNED_FOR_IPHONE_IPAD = NO;
				SWIFT_EMIT_LOC_STRINGS = YES;
				SWIFT_VERSION = 5.0;
				TARGETED_DEVICE_FAMILY = 1;
			};
			name = Release;
		};
/* End XCBuildConfiguration section */

/* Begin XCConfigurationList section */
		50AA62C22ACB74A1008DC0DD /* Build configuration list for PBXProject "Shoe Store" */ = {
			isa = XCConfigurationList;
			buildConfigurations = (
				50AA62D32ACB74A3008DC0DD /* Debug */,
				50AA62D42ACB74A3008DC0DD /* Release */,
			);
			defaultConfigurationIsVisible = 0;
			defaultConfigurationName = Release;
		};
		50AA62D52ACB74A3008DC0DD /* Build configuration list for PBXNativeTarget "Shoe Store" */ = {
			isa = XCConfigurationList;
			buildConfigurations = (
				50AA62D62ACB74A3008DC0DD /* Debug */,
				50AA62D72ACB74A3008DC0DD /* Release */,
			);
			defaultConfigurationIsVisible = 0;
			defaultConfigurationName = Release;
		};
/* End XCConfigurationList section */

/* Begin XCRemoteSwiftPackageReference section */
		503FCAB32AF41DA3007DFADD /* XCRemoteSwiftPackageReference "SwiftCommonLibrary" */ = {
			isa = XCRemoteSwiftPackageReference;
			repositoryURL = "https://github.com/macward/SwiftCommonLibrary.git";
			requirement = {
				branch = main;
				kind = branch;
			};
		};
/* End XCRemoteSwiftPackageReference section */

/* Begin XCSwiftPackageProductDependency section */
		5002624E2AF6E9D3009BC50F /* DataLayer */ = {
			isa = XCSwiftPackageProductDependency;
			productName = DataLayer;
		};
		503FCAB42AF41DA3007DFADD /* SwiftCommonLibrary */ = {
			isa = XCSwiftPackageProductDependency;
			package = 503FCAB32AF41DA3007DFADD /* XCRemoteSwiftPackageReference "SwiftCommonLibrary" */;
			productName = SwiftCommonLibrary;
		};
/* End XCSwiftPackageProductDependency section */
	};
	rootObject = 50AA62BF2ACB74A1008DC0DD /* Project object */;
}
