// !$*UTF8*$!
{
	archiveVersion = 1;
	classes = {
	};
	objectVersion = 56;
	objects = {

/* Begin PBXBuildFile section */
		500FF86D2B00274200349532 /* Application in Frameworks */ = {isa = PBXBuildFile; productRef = 500FF86C2B00274200349532 /* Application */; };
		50AA62CB2ACB74A1008DC0DD /* Main.swift in Sources */ = {isa = PBXBuildFile; fileRef = 50AA62CA2ACB74A1008DC0DD /* Main.swift */; };
		50AA62CF2ACB74A3008DC0DD /* Assets.xcassets in Resources */ = {isa = PBXBuildFile; fileRef = 50AA62CE2ACB74A3008DC0DD /* Assets.xcassets */; };
		50AA62D22ACB74A3008DC0DD /* Preview Assets.xcassets in Resources */ = {isa = PBXBuildFile; fileRef = 50AA62D12ACB74A3008DC0DD /* Preview Assets.xcassets */; };
		50AA63062ACBBF7E008DC0DD /* Satoshi-Light.ttf in Resources */ = {isa = PBXBuildFile; fileRef = 50AA63022ACBBF7D008DC0DD /* Satoshi-Light.ttf */; };
		50AA63072ACBBF7E008DC0DD /* Satoshi-Bold.ttf in Resources */ = {isa = PBXBuildFile; fileRef = 50AA63032ACBBF7D008DC0DD /* Satoshi-Bold.ttf */; };
		50AA63082ACBBF7E008DC0DD /* Satoshi-Black.ttf in Resources */ = {isa = PBXBuildFile; fileRef = 50AA63042ACBBF7D008DC0DD /* Satoshi-Black.ttf */; };
		50AA63092ACBBF7E008DC0DD /* Satoshi-Regular.ttf in Resources */ = {isa = PBXBuildFile; fileRef = 50AA63052ACBBF7E008DC0DD /* Satoshi-Regular.ttf */; };
		50AA630D2ACBBFE2008DC0DD /* Satoshi-Medium.ttf in Resources */ = {isa = PBXBuildFile; fileRef = 50AA630C2ACBBFE2008DC0DD /* Satoshi-Medium.ttf */; };
/* End PBXBuildFile section */

/* Begin PBXFileReference section */
		50022BF12B012BAF00A0ECD7 /* Router */ = {isa = PBXFileReference; lastKnownFileType = text; name = Router; path = Sources/Router; sourceTree = SOURCE_ROOT; };
		5002624D2AF6E8F1009BC50F /* DataLayer */ = {isa = PBXFileReference; lastKnownFileType = text; name = DataLayer; path = Sources/DataLayer; sourceTree = SOURCE_ROOT; };
		500262522AF7136B009BC50F /* ProductDetails */ = {isa = PBXFileReference; lastKnownFileType = wrapper; name = ProductDetails; path = ShoeStoreWithRedux/ProductDetails; sourceTree = SOURCE_ROOT; };
		5087FE682AF73C550087F52F /* UISharedElements */ = {isa = PBXFileReference; lastKnownFileType = text; name = UISharedElements; path = Sources/UISharedElements; sourceTree = SOURCE_ROOT; };
		5087FE6F2AF8724C0087F52F /* Home */ = {isa = PBXFileReference; lastKnownFileType = wrapper; name = Home; path = ShoeStoreWithRedux/Home; sourceTree = SOURCE_ROOT; };
		50910C3A2AFD8A8700A7B432 /* ShoppingCart */ = {isa = PBXFileReference; lastKnownFileType = text; name = ShoppingCart; path = Sources/ShoppingCart; sourceTree = SOURCE_ROOT; };
		50910C812B0026AB00A7B432 /* Application */ = {isa = PBXFileReference; lastKnownFileType = wrapper; path = Application; sourceTree = "<group>"; };
		50AA62C72ACB74A1008DC0DD /* Shoe Store.app */ = {isa = PBXFileReference; explicitFileType = wrapper.application; includeInIndex = 0; path = "Shoe Store.app"; sourceTree = BUILT_PRODUCTS_DIR; };
		50AA62CA2ACB74A1008DC0DD /* Main.swift */ = {isa = PBXFileReference; lastKnownFileType = sourcecode.swift; path = Main.swift; sourceTree = "<group>"; };
		50AA62CE2ACB74A3008DC0DD /* Assets.xcassets */ = {isa = PBXFileReference; lastKnownFileType = folder.assetcatalog; path = Assets.xcassets; sourceTree = "<group>"; };
		50AA62D12ACB74A3008DC0DD /* Preview Assets.xcassets */ = {isa = PBXFileReference; lastKnownFileType = folder.assetcatalog; path = "Preview Assets.xcassets"; sourceTree = "<group>"; };
		50AA63012ACBBDEA008DC0DD /* Info.plist */ = {isa = PBXFileReference; lastKnownFileType = text.plist.xml; path = Info.plist; sourceTree = "<group>"; };
		50AA63022ACBBF7D008DC0DD /* Satoshi-Light.ttf */ = {isa = PBXFileReference; lastKnownFileType = file; path = "Satoshi-Light.ttf"; sourceTree = "<group>"; };
		50AA63032ACBBF7D008DC0DD /* Satoshi-Bold.ttf */ = {isa = PBXFileReference; lastKnownFileType = file; path = "Satoshi-Bold.ttf"; sourceTree = "<group>"; };
		50AA63042ACBBF7D008DC0DD /* Satoshi-Black.ttf */ = {isa = PBXFileReference; lastKnownFileType = file; path = "Satoshi-Black.ttf"; sourceTree = "<group>"; };
		50AA63052ACBBF7E008DC0DD /* Satoshi-Regular.ttf */ = {isa = PBXFileReference; lastKnownFileType = file; path = "Satoshi-Regular.ttf"; sourceTree = "<group>"; };
		50AA630C2ACBBFE2008DC0DD /* Satoshi-Medium.ttf */ = {isa = PBXFileReference; lastKnownFileType = file; path = "Satoshi-Medium.ttf"; sourceTree = "<group>"; };
		50FADD7C2AF6A05900119D11 /* Services */ = {isa = PBXFileReference; lastKnownFileType = text; name = Services; path = Sources/Services; sourceTree = SOURCE_ROOT; };
		50FADD812AF6BC2C00119D11 /* StoreNetwork */ = {isa = PBXFileReference; lastKnownFileType = wrapper; name = StoreNetwork; path = Sources/StoreNetwork; sourceTree = "<group>"; };
		50FADD822AF6BC3E00119D11 /* StoreNetwork */ = {isa = PBXFileReference; lastKnownFileType = text; name = StoreNetwork; path = Sources/StoreNetwork; sourceTree = SOURCE_ROOT; };
/* End PBXFileReference section */

/* Begin PBXFrameworksBuildPhase section */
		50AA62C42ACB74A1008DC0DD /* Frameworks */ = {
			isa = PBXFrameworksBuildPhase;
			buildActionMask = 2147483647;
			files = (
				500FF86D2B00274200349532 /* Application in Frameworks */,
			);
			runOnlyForDeploymentPostprocessing = 0;
		};
/* End PBXFrameworksBuildPhase section */

/* Begin PBXGroup section */
		500262502AF70E8E009BC50F /* Assets */ = {
			isa = PBXGroup;
			children = (
				50AA62CE2ACB74A3008DC0DD /* Assets.xcassets */,
				50AA62EC2ACBBDB8008DC0DD /* Fonts */,
			);
			path = Assets;
			sourceTree = "<group>";
		};
		50910C372AFD895D00A7B432 /* Config */ = {
			isa = PBXGroup;
			children = (
				50AA63012ACBBDEA008DC0DD /* Info.plist */,
			);
			path = Config;
			sourceTree = "<group>";
		};
		50AA62BE2ACB74A1008DC0DD = {
			isa = PBXGroup;
			children = (
				50AA62C92ACB74A1008DC0DD /* ShoeStoreWithRedux */,
				50AA62C82ACB74A1008DC0DD /* Products */,
				50FADD692AF496CE00119D11 /* Frameworks */,
			);
			sourceTree = "<group>";
		};
		50AA62C82ACB74A1008DC0DD /* Products */ = {
			isa = PBXGroup;
			children = (
				50AA62C72ACB74A1008DC0DD /* Shoe Store.app */,
			);
			name = Products;
			sourceTree = "<group>";
		};
		50AA62C92ACB74A1008DC0DD /* ShoeStoreWithRedux */ = {
			isa = PBXGroup;
			children = (
				50AA62CA2ACB74A1008DC0DD /* Main.swift */,
				50910C372AFD895D00A7B432 /* Config */,
				500262502AF70E8E009BC50F /* Assets */,
				50910C812B0026AB00A7B432 /* Application */,
				50022BF12B012BAF00A0ECD7 /* Router */,
				5087FE6F2AF8724C0087F52F /* Home */,
				500262522AF7136B009BC50F /* ProductDetails */,
				50910C3A2AFD8A8700A7B432 /* ShoppingCart */,
				5087FE682AF73C550087F52F /* UISharedElements */,
				5002624D2AF6E8F1009BC50F /* DataLayer */,
				50FADD7C2AF6A05900119D11 /* Services */,
				50FADD822AF6BC3E00119D11 /* StoreNetwork */,
				50AA62D02ACB74A3008DC0DD /* Preview Content */,
			);
			path = ShoeStoreWithRedux;
			sourceTree = "<group>";
		};
		50AA62D02ACB74A3008DC0DD /* Preview Content */ = {
			isa = PBXGroup;
			children = (
				50AA62D12ACB74A3008DC0DD /* Preview Assets.xcassets */,
			);
			path = "Preview Content";
			sourceTree = "<group>";
		};
		50AA62EC2ACBBDB8008DC0DD /* Fonts */ = {
			isa = PBXGroup;
			children = (
				50AA63042ACBBF7D008DC0DD /* Satoshi-Black.ttf */,
				50AA63032ACBBF7D008DC0DD /* Satoshi-Bold.ttf */,
				50AA63022ACBBF7D008DC0DD /* Satoshi-Light.ttf */,
				50AA630C2ACBBFE2008DC0DD /* Satoshi-Medium.ttf */,
				50AA63052ACBBF7E008DC0DD /* Satoshi-Regular.ttf */,
			);
			path = Fonts;
			sourceTree = "<group>";
		};
		50FADD692AF496CE00119D11 /* Frameworks */ = {
			isa = PBXGroup;
			children = (
				50FADD812AF6BC2C00119D11 /* StoreNetwork */,
			);
			name = Frameworks;
			sourceTree = "<group>";
		};
/* End PBXGroup section */

/* Begin PBXNativeTarget section */
		50AA62C62ACB74A1008DC0DD /* Shoe Store */ = {
			isa = PBXNativeTarget;
			buildConfigurationList = 50AA62D52ACB74A3008DC0DD /* Build configuration list for PBXNativeTarget "Shoe Store" */;
			buildPhases = (
				50AA62C32ACB74A1008DC0DD /* Sources */,
				50AA62C42ACB74A1008DC0DD /* Frameworks */,
				50AA62C52ACB74A1008DC0DD /* Resources */,
			);
			buildRules = (
			);
			dependencies = (
			);
			name = "Shoe Store";
			packageProductDependencies = (
				500FF86C2B00274200349532 /* Application */,
			);
			productName = ShoeStoreWithRedux;
			productReference = 50AA62C72ACB74A1008DC0DD /* Shoe Store.app */;
			productType = "com.apple.product-type.application";
		};
/* End PBXNativeTarget section */

/* Begin PBXProject section */
		50AA62BF2ACB74A1008DC0DD /* Project object */ = {
			isa = PBXProject;
			attributes = {
				BuildIndependentTargetsInParallel = 1;
				LastSwiftUpdateCheck = 1500;
				LastUpgradeCheck = 1500;
				TargetAttributes = {
					50AA62C62ACB74A1008DC0DD = {
						CreatedOnToolsVersion = 15.0;
					};
				};
			};
			buildConfigurationList = 50AA62C22ACB74A1008DC0DD /* Build configuration list for PBXProject "Shoe Store" */;
			compatibilityVersion = "Xcode 14.0";
			developmentRegion = en;
			hasScannedForEncodings = 0;
			knownRegions = (
				en,
				Base,
			);
			mainGroup = 50AA62BE2ACB74A1008DC0DD;
			packageReferences = (
			);
			productRefGroup = 50AA62C82ACB74A1008DC0DD /* Products */;
			projectDirPath = "";
			projectRoot = "";
			targets = (
				50AA62C62ACB74A1008DC0DD /* Shoe Store */,
			);
		};
/* End PBXProject section */

/* Begin PBXResourcesBuildPhase section */
		50AA62C52ACB74A1008DC0DD /* Resources */ = {
			isa = PBXResourcesBuildPhase;
			buildActionMask = 2147483647;
			files = (
				50AA630D2ACBBFE2008DC0DD /* Satoshi-Medium.ttf in Resources */,
				50AA62D22ACB74A3008DC0DD /* Preview Assets.xcassets in Resources */,
				50AA63082ACBBF7E008DC0DD /* Satoshi-Black.ttf in Resources */,
				50AA63072ACBBF7E008DC0DD /* Satoshi-Bold.ttf in Resources */,
				50AA62CF2ACB74A3008DC0DD /* Assets.xcassets in Resources */,
				50AA63062ACBBF7E008DC0DD /* Satoshi-Light.ttf in Resources */,
				50AA63092ACBBF7E008DC0DD /* Satoshi-Regular.ttf in Resources */,
			);
			runOnlyForDeploymentPostprocessing = 0;
		};
/* End PBXResourcesBuildPhase section */

/* Begin PBXSourcesBuildPhase section */
		50AA62C32ACB74A1008DC0DD /* Sources */ = {
			isa = PBXSourcesBuildPhase;
			buildActionMask = 2147483647;
			files = (
				50AA62CB2ACB74A1008DC0DD /* Main.swift in Sources */,
			);
			runOnlyForDeploymentPostprocessing = 0;
		};
/* End PBXSourcesBuildPhase section */

/* Begin XCBuildConfiguration section */
		50AA62D32ACB74A3008DC0DD /* Debug */ = {
			isa = XCBuildConfiguration;
			buildSettings = {
				ALWAYS_SEARCH_USER_PATHS = NO;
				ASSETCATALOG_COMPILER_GENERATE_SWIFT_ASSET_SYMBOL_EXTENSIONS = YES;
				CLANG_ANALYZER_NONNULL = YES;
				CLANG_ANALYZER_NUMBER_OBJECT_CONVERSION = YES_AGGRESSIVE;
				CLANG_CXX_LANGUAGE_STANDARD = "gnu++20";
				CLANG_ENABLE_MODULES = YES;
				CLANG_ENABLE_OBJC_ARC = YES;
				CLANG_ENABLE_OBJC_WEAK = YES;
				CLANG_WARN_BLOCK_CAPTURE_AUTORELEASING = YES;
				CLANG_WARN_BOOL_CONVERSION = YES;
				CLANG_WARN_COMMA = YES;
				CLANG_WARN_CONSTANT_CONVERSION = YES;
				CLANG_WARN_DEPRECATED_OBJC_IMPLEMENTATIONS = YES;
				CLANG_WARN_DIRECT_OBJC_ISA_USAGE = YES_ERROR;
				CLANG_WARN_DOCUMENTATION_COMMENTS = YES;
				CLANG_WARN_EMPTY_BODY = YES;
				CLANG_WARN_ENUM_CONVERSION = YES;
				CLANG_WARN_INFINITE_RECURSION = YES;
				CLANG_WARN_INT_CONVERSION = YES;
				CLANG_WARN_NON_LITERAL_NULL_CONVERSION = YES;
				CLANG_WARN_OBJC_IMPLICIT_RETAIN_SELF = YES;
				CLANG_WARN_OBJC_LITERAL_CONVERSION = YES;
				CLANG_WARN_OBJC_ROOT_CLASS = YES_ERROR;
				CLANG_WARN_QUOTED_INCLUDE_IN_FRAMEWORK_HEADER = YES;
				CLANG_WARN_RANGE_LOOP_ANALYSIS = YES;
				CLANG_WARN_STRICT_PROTOTYPES = YES;
				CLANG_WARN_SUSPICIOUS_MOVE = YES;
				CLANG_WARN_UNGUARDED_AVAILABILITY = YES_AGGRESSIVE;
				CLANG_WARN_UNREACHABLE_CODE = YES;
				CLANG_WARN__DUPLICATE_METHOD_MATCH = YES;
				COPY_PHASE_STRIP = NO;
				DEBUG_INFORMATION_FORMAT = dwarf;
				ENABLE_STRICT_OBJC_MSGSEND = YES;
				ENABLE_TESTABILITY = YES;
				ENABLE_USER_SCRIPT_SANDBOXING = YES;
				GCC_C_LANGUAGE_STANDARD = gnu17;
				GCC_DYNAMIC_NO_PIC = NO;
				GCC_NO_COMMON_BLOCKS = YES;
				GCC_OPTIMIZATION_LEVEL = 0;
				GCC_PREPROCESSOR_DEFINITIONS = (
					"DEBUG=1",
					"$(inherited)",
				);
				GCC_WARN_64_TO_32_BIT_CONVERSION = YES;
				GCC_WARN_ABOUT_RETURN_TYPE = YES_ERROR;
				GCC_WARN_UNDECLARED_SELECTOR = YES;
				GCC_WARN_UNINITIALIZED_AUTOS = YES_AGGRESSIVE;
				GCC_WARN_UNUSED_FUNCTION = YES;
				GCC_WARN_UNUSED_VARIABLE = YES;
				IPHONEOS_DEPLOYMENT_TARGET = 17.0;
				LOCALIZATION_PREFERS_STRING_CATALOGS = YES;
				MTL_ENABLE_DEBUG_INFO = INCLUDE_SOURCE;
				MTL_FAST_MATH = YES;
				ONLY_ACTIVE_ARCH = YES;
				SDKROOT = iphoneos;
				SWIFT_ACTIVE_COMPILATION_CONDITIONS = "DEBUG $(inherited)";
				SWIFT_OPTIMIZATION_LEVEL = "-Onone";
			};
			name = Debug;
		};
		50AA62D42ACB74A3008DC0DD /* Release */ = {
			isa = XCBuildConfiguration;
			buildSettings = {
				ALWAYS_SEARCH_USER_PATHS = NO;
				ASSETCATALOG_COMPILER_GENERATE_SWIFT_ASSET_SYMBOL_EXTENSIONS = YES;
				CLANG_ANALYZER_NONNULL = YES;
				CLANG_ANALYZER_NUMBER_OBJECT_CONVERSION = YES_AGGRESSIVE;
				CLANG_CXX_LANGUAGE_STANDARD = "gnu++20";
				CLANG_ENABLE_MODULES = YES;
				CLANG_ENABLE_OBJC_ARC = YES;
				CLANG_ENABLE_OBJC_WEAK = YES;
				CLANG_WARN_BLOCK_CAPTURE_AUTORELEASING = YES;
				CLANG_WARN_BOOL_CONVERSION = YES;
				CLANG_WARN_COMMA = YES;
				CLANG_WARN_CONSTANT_CONVERSION = YES;
				CLANG_WARN_DEPRECATED_OBJC_IMPLEMENTATIONS = YES;
				CLANG_WARN_DIRECT_OBJC_ISA_USAGE = YES_ERROR;
				CLANG_WARN_DOCUMENTATION_COMMENTS = YES;
				CLANG_WARN_EMPTY_BODY = YES;
				CLANG_WARN_ENUM_CONVERSION = YES;
				CLANG_WARN_INFINITE_RECURSION = YES;
				CLANG_WARN_INT_CONVERSION = YES;
				CLANG_WARN_NON_LITERAL_NULL_CONVERSION = YES;
				CLANG_WARN_OBJC_IMPLICIT_RETAIN_SELF = YES;
				CLANG_WARN_OBJC_LITERAL_CONVERSION = YES;
				CLANG_WARN_OBJC_ROOT_CLASS = YES_ERROR;
				CLANG_WARN_QUOTED_INCLUDE_IN_FRAMEWORK_HEADER = YES;
				CLANG_WARN_RANGE_LOOP_ANALYSIS = YES;
				CLANG_WARN_STRICT_PROTOTYPES = YES;
				CLANG_WARN_SUSPICIOUS_MOVE = YES;
				CLANG_WARN_UNGUARDED_AVAILABILITY = YES_AGGRESSIVE;
				CLANG_WARN_UNREACHABLE_CODE = YES;
				CLANG_WARN__DUPLICATE_METHOD_MATCH = YES;
				COPY_PHASE_STRIP = NO;
				DEBUG_INFORMATION_FORMAT = "dwarf-with-dsym";
				ENABLE_NS_ASSERTIONS = NO;
				ENABLE_STRICT_OBJC_MSGSEND = YES;
				ENABLE_USER_SCRIPT_SANDBOXING = YES;
				GCC_C_LANGUAGE_STANDARD = gnu17;
				GCC_NO_COMMON_BLOCKS = YES;
				GCC_WARN_64_TO_32_BIT_CONVERSION = YES;
				GCC_WARN_ABOUT_RETURN_TYPE = YES_ERROR;
				GCC_WARN_UNDECLARED_SELECTOR = YES;
				GCC_WARN_UNINITIALIZED_AUTOS = YES_AGGRESSIVE;
				GCC_WARN_UNUSED_FUNCTION = YES;
				GCC_WARN_UNUSED_VARIABLE = YES;
				IPHONEOS_DEPLOYMENT_TARGET = 17.0;
				LOCALIZATION_PREFERS_STRING_CATALOGS = YES;
				MTL_ENABLE_DEBUG_INFO = NO;
				MTL_FAST_MATH = YES;
				SDKROOT = iphoneos;
				SWIFT_COMPILATION_MODE = wholemodule;
				VALIDATE_PRODUCT = YES;
			};
			name = Release;
		};
		50AA62D62ACB74A3008DC0DD /* Debug */ = {
			isa = XCBuildConfiguration;
			buildSettings = {
				ASSETCATALOG_COMPILER_APPICON_NAME = AppIcon;
				ASSETCATALOG_COMPILER_GLOBAL_ACCENT_COLOR_NAME = AccentColor;
				CODE_SIGN_STYLE = Automatic;
				CURRENT_PROJECT_VERSION = 1;
				DEVELOPMENT_ASSET_PATHS = "\"ShoeStoreWithRedux/Preview Content\"";
				DEVELOPMENT_TEAM = AAL663Y363;
				ENABLE_PREVIEWS = YES;
				GENERATE_INFOPLIST_FILE = YES;
				INFOPLIST_FILE = ShoeStoreWithRedux/Config/Info.plist;
				INFOPLIST_KEY_UIApplicationSceneManifest_Generation = YES;
				INFOPLIST_KEY_UIApplicationSupportsIndirectInputEvents = YES;
				INFOPLIST_KEY_UILaunchScreen_Generation = YES;
				INFOPLIST_KEY_UISupportedInterfaceOrientations = UIInterfaceOrientationPortrait;
				INFOPLIST_KEY_UISupportedInterfaceOrientations_iPad = "UIInterfaceOrientationLandscapeLeft UIInterfaceOrientationLandscapeRight UIInterfaceOrientationPortrait UIInterfaceOrientationPortraitUpsideDown";
				LD_RUNPATH_SEARCH_PATHS = (
					"$(inherited)",
					"@executable_path/Frameworks",
				);
				MARKETING_VERSION = 1.0;
				PRODUCT_BUNDLE_IDENTIFIER = dev.maxward.ShoeStoreWithRedux;
				PRODUCT_NAME = "$(TARGET_NAME)";
				SUPPORTED_PLATFORMS = "iphoneos iphonesimulator";
				SUPPORTS_MACCATALYST = NO;
				SUPPORTS_MAC_DESIGNED_FOR_IPHONE_IPAD = NO;
				SWIFT_EMIT_LOC_STRINGS = YES;
				SWIFT_VERSION = 5.0;
				TARGETED_DEVICE_FAMILY = 1;
			};
			name = Debug;
		};
		50AA62D72ACB74A3008DC0DD /* Release */ = {
			isa = XCBuildConfiguration;
			buildSettings = {
				ASSETCATALOG_COMPILER_APPICON_NAME = AppIcon;
				ASSETCATALOG_COMPILER_GLOBAL_ACCENT_COLOR_NAME = AccentColor;
				CODE_SIGN_STYLE = Automatic;
				CURRENT_PROJECT_VERSION = 1;
				DEVELOPMENT_ASSET_PATHS = "\"ShoeStoreWithRedux/Preview Content\"";
				DEVELOPMENT_TEAM = AAL663Y363;
				ENABLE_PREVIEWS = YES;
				GENERATE_INFOPLIST_FILE = YES;
				INFOPLIST_FILE = ShoeStoreWithRedux/Config/Info.plist;
				INFOPLIST_KEY_UIApplicationSceneManifest_Generation = YES;
				INFOPLIST_KEY_UIApplicationSupportsIndirectInputEvents = YES;
				INFOPLIST_KEY_UILaunchScreen_Generation = YES;
				INFOPLIST_KEY_UISupportedInterfaceOrientations = UIInterfaceOrientationPortrait;
				INFOPLIST_KEY_UISupportedInterfaceOrientations_iPad = "UIInterfaceOrientationLandscapeLeft UIInterfaceOrientationLandscapeRight UIInterfaceOrientationPortrait UIInterfaceOrientationPortraitUpsideDown";
				LD_RUNPATH_SEARCH_PATHS = (
					"$(inherited)",
					"@executable_path/Frameworks",
				);
				MARKETING_VERSION = 1.0;
				PRODUCT_BUNDLE_IDENTIFIER = dev.maxward.ShoeStoreWithRedux;
				PRODUCT_NAME = "$(TARGET_NAME)";
				SUPPORTED_PLATFORMS = "iphoneos iphonesimulator";
				SUPPORTS_MACCATALYST = NO;
				SUPPORTS_MAC_DESIGNED_FOR_IPHONE_IPAD = NO;
				SWIFT_EMIT_LOC_STRINGS = YES;
				SWIFT_VERSION = 5.0;
				TARGETED_DEVICE_FAMILY = 1;
			};
			name = Release;
		};
/* End XCBuildConfiguration section */

/* Begin XCConfigurationList section */
		50AA62C22ACB74A1008DC0DD /* Build configuration list for PBXProject "Shoe Store" */ = {
			isa = XCConfigurationList;
			buildConfigurations = (
				50AA62D32ACB74A3008DC0DD /* Debug */,
				50AA62D42ACB74A3008DC0DD /* Release */,
			);
			defaultConfigurationIsVisible = 0;
			defaultConfigurationName = Release;
		};
		50AA62D52ACB74A3008DC0DD /* Build configuration list for PBXNativeTarget "Shoe Store" */ = {
			isa = XCConfigurationList;
			buildConfigurations = (
				50AA62D62ACB74A3008DC0DD /* Debug */,
				50AA62D72ACB74A3008DC0DD /* Release */,
			);
			defaultConfigurationIsVisible = 0;
			defaultConfigurationName = Release;
		};
/* End XCConfigurationList section */

/* Begin XCSwiftPackageProductDependency section */
		500FF86C2B00274200349532 /* Application */ = {
			isa = XCSwiftPackageProductDependency;
			productName = Application;
		};
/* End XCSwiftPackageProductDependency section */
	};
	rootObject = 50AA62BF2ACB74A1008DC0DD /* Project object */;
}
