// !$*UTF8*$!
{
	archiveVersion = 1;
	classes = {
	};
	objectVersion = 56;
	objects = {

/* Begin PBXBuildFile section */
		502048F12ACC7BF700487F57 /* ProductsGridView.swift in Sources */ = {isa = PBXBuildFile; fileRef = 502048F02ACC7BF700487F57 /* ProductsGridView.swift */; };
		502048F72ACC80F000487F57 /* ProductSliderView.swift in Sources */ = {isa = PBXBuildFile; fileRef = 502048F62ACC80F000487F57 /* ProductSliderView.swift */; };
		502048F92ACC81CB00487F57 /* TabView.swift in Sources */ = {isa = PBXBuildFile; fileRef = 502048F82ACC81CB00487F57 /* TabView.swift */; };
		50AA62CB2ACB74A1008DC0DD /* Main.swift in Sources */ = {isa = PBXBuildFile; fileRef = 50AA62CA2ACB74A1008DC0DD /* Main.swift */; };
		50AA62CF2ACB74A3008DC0DD /* Assets.xcassets in Resources */ = {isa = PBXBuildFile; fileRef = 50AA62CE2ACB74A3008DC0DD /* Assets.xcassets */; };
		50AA62D22ACB74A3008DC0DD /* Preview Assets.xcassets in Resources */ = {isa = PBXBuildFile; fileRef = 50AA62D12ACB74A3008DC0DD /* Preview Assets.xcassets */; };
		50AA62DC2ACB7621008DC0DD /* HomeScreen.swift in Sources */ = {isa = PBXBuildFile; fileRef = 50AA62DB2ACB7621008DC0DD /* HomeScreen.swift */; };
		50AA62DE2ACB764C008DC0DD /* ProductCardView.swift in Sources */ = {isa = PBXBuildFile; fileRef = 50AA62DD2ACB764C008DC0DD /* ProductCardView.swift */; };
		50AA62E12ACB78DC008DC0DD /* DebugViewLimit.swift in Sources */ = {isa = PBXBuildFile; fileRef = 50AA62E02ACB78DC008DC0DD /* DebugViewLimit.swift */; };
		50AA62E32ACB79CA008DC0DD /* SliderCardView.swift in Sources */ = {isa = PBXBuildFile; fileRef = 50AA62E22ACB79CA008DC0DD /* SliderCardView.swift */; };
		50AA62E52ACBB18B008DC0DD /* SectionHeaderAction.swift in Sources */ = {isa = PBXBuildFile; fileRef = 50AA62E42ACBB18B008DC0DD /* SectionHeaderAction.swift */; };
		50AA62E72ACBB4B6008DC0DD /* ListOfShoesScreen.swift in Sources */ = {isa = PBXBuildFile; fileRef = 50AA62E62ACBB4B6008DC0DD /* ListOfShoesScreen.swift */; };
		50AA62E92ACBB56F008DC0DD /* ShoeDetailView.swift in Sources */ = {isa = PBXBuildFile; fileRef = 50AA62E82ACBB56F008DC0DD /* ShoeDetailView.swift */; };
		50AA63062ACBBF7E008DC0DD /* Satoshi-Light.ttf in Resources */ = {isa = PBXBuildFile; fileRef = 50AA63022ACBBF7D008DC0DD /* Satoshi-Light.ttf */; };
		50AA63072ACBBF7E008DC0DD /* Satoshi-Bold.ttf in Resources */ = {isa = PBXBuildFile; fileRef = 50AA63032ACBBF7D008DC0DD /* Satoshi-Bold.ttf */; };
		50AA63082ACBBF7E008DC0DD /* Satoshi-Black.ttf in Resources */ = {isa = PBXBuildFile; fileRef = 50AA63042ACBBF7D008DC0DD /* Satoshi-Black.ttf */; };
		50AA63092ACBBF7E008DC0DD /* Satoshi-Regular.ttf in Resources */ = {isa = PBXBuildFile; fileRef = 50AA63052ACBBF7E008DC0DD /* Satoshi-Regular.ttf */; };
		50AA630D2ACBBFE2008DC0DD /* Satoshi-Medium.ttf in Resources */ = {isa = PBXBuildFile; fileRef = 50AA630C2ACBBFE2008DC0DD /* Satoshi-Medium.ttf */; };
		50AA630F2ACBD80E008DC0DD /* MainSliderView.swift in Sources */ = {isa = PBXBuildFile; fileRef = 50AA630E2ACBD80E008DC0DD /* MainSliderView.swift */; };
/* End PBXBuildFile section */

/* Begin PBXFileReference section */
		502048F02ACC7BF700487F57 /* ProductsGridView.swift */ = {isa = PBXFileReference; lastKnownFileType = sourcecode.swift; path = ProductsGridView.swift; sourceTree = "<group>"; };
		502048F62ACC80F000487F57 /* ProductSliderView.swift */ = {isa = PBXFileReference; lastKnownFileType = sourcecode.swift; path = ProductSliderView.swift; sourceTree = "<group>"; };
		502048F82ACC81CB00487F57 /* TabView.swift */ = {isa = PBXFileReference; lastKnownFileType = sourcecode.swift; path = TabView.swift; sourceTree = "<group>"; };
		50AA62C72ACB74A1008DC0DD /* ShoeStoreWithRedux.app */ = {isa = PBXFileReference; explicitFileType = wrapper.application; includeInIndex = 0; path = ShoeStoreWithRedux.app; sourceTree = BUILT_PRODUCTS_DIR; };
		50AA62CA2ACB74A1008DC0DD /* Main.swift */ = {isa = PBXFileReference; lastKnownFileType = sourcecode.swift; path = Main.swift; sourceTree = "<group>"; };
		50AA62CE2ACB74A3008DC0DD /* Assets.xcassets */ = {isa = PBXFileReference; lastKnownFileType = folder.assetcatalog; path = Assets.xcassets; sourceTree = "<group>"; };
		50AA62D12ACB74A3008DC0DD /* Preview Assets.xcassets */ = {isa = PBXFileReference; lastKnownFileType = folder.assetcatalog; path = "Preview Assets.xcassets"; sourceTree = "<group>"; };
		50AA62DB2ACB7621008DC0DD /* HomeScreen.swift */ = {isa = PBXFileReference; lastKnownFileType = sourcecode.swift; path = HomeScreen.swift; sourceTree = "<group>"; };
		50AA62DD2ACB764C008DC0DD /* ProductCardView.swift */ = {isa = PBXFileReference; lastKnownFileType = sourcecode.swift; path = ProductCardView.swift; sourceTree = "<group>"; };
		50AA62E02ACB78DC008DC0DD /* DebugViewLimit.swift */ = {isa = PBXFileReference; lastKnownFileType = sourcecode.swift; path = DebugViewLimit.swift; sourceTree = "<group>"; };
		50AA62E22ACB79CA008DC0DD /* SliderCardView.swift */ = {isa = PBXFileReference; lastKnownFileType = sourcecode.swift; path = SliderCardView.swift; sourceTree = "<group>"; };
		50AA62E42ACBB18B008DC0DD /* SectionHeaderAction.swift */ = {isa = PBXFileReference; lastKnownFileType = sourcecode.swift; path = SectionHeaderAction.swift; sourceTree = "<group>"; };
		50AA62E62ACBB4B6008DC0DD /* ListOfShoesScreen.swift */ = {isa = PBXFileReference; lastKnownFileType = sourcecode.swift; path = ListOfShoesScreen.swift; sourceTree = "<group>"; };
		50AA62E82ACBB56F008DC0DD /* ShoeDetailView.swift */ = {isa = PBXFileReference; lastKnownFileType = sourcecode.swift; path = ShoeDetailView.swift; sourceTree = "<group>"; };
		50AA63012ACBBDEA008DC0DD /* Info.plist */ = {isa = PBXFileReference; lastKnownFileType = text.plist; path = Info.plist; sourceTree = "<group>"; };
		50AA63022ACBBF7D008DC0DD /* Satoshi-Light.ttf */ = {isa = PBXFileReference; lastKnownFileType = file; path = "Satoshi-Light.ttf"; sourceTree = "<group>"; };
		50AA63032ACBBF7D008DC0DD /* Satoshi-Bold.ttf */ = {isa = PBXFileReference; lastKnownFileType = file; path = "Satoshi-Bold.ttf"; sourceTree = "<group>"; };
		50AA63042ACBBF7D008DC0DD /* Satoshi-Black.ttf */ = {isa = PBXFileReference; lastKnownFileType = file; path = "Satoshi-Black.ttf"; sourceTree = "<group>"; };
		50AA63052ACBBF7E008DC0DD /* Satoshi-Regular.ttf */ = {isa = PBXFileReference; lastKnownFileType = file; path = "Satoshi-Regular.ttf"; sourceTree = "<group>"; };
		50AA630C2ACBBFE2008DC0DD /* Satoshi-Medium.ttf */ = {isa = PBXFileReference; lastKnownFileType = file; path = "Satoshi-Medium.ttf"; sourceTree = "<group>"; };
		50AA630E2ACBD80E008DC0DD /* MainSliderView.swift */ = {isa = PBXFileReference; lastKnownFileType = sourcecode.swift; path = MainSliderView.swift; sourceTree = "<group>"; };
/* End PBXFileReference section */

/* Begin PBXFrameworksBuildPhase section */
		50AA62C42ACB74A1008DC0DD /* Frameworks */ = {
			isa = PBXFrameworksBuildPhase;
			buildActionMask = 2147483647;
			files = (
			);
			runOnlyForDeploymentPostprocessing = 0;
		};
/* End PBXFrameworksBuildPhase section */

/* Begin PBXGroup section */
		502048F22ACC7F7A00487F57 /* Cards */ = {
			isa = PBXGroup;
			children = (
				50AA62DD2ACB764C008DC0DD /* ProductCardView.swift */,
				50AA62E22ACB79CA008DC0DD /* SliderCardView.swift */,
			);
			path = Cards;
			sourceTree = "<group>";
		};
		502048F32ACC802C00487F57 /* Headers */ = {
			isa = PBXGroup;
			children = (
				50AA62E42ACBB18B008DC0DD /* SectionHeaderAction.swift */,
			);
			path = Headers;
			sourceTree = "<group>";
		};
		502048F42ACC803200487F57 /* Sliders */ = {
			isa = PBXGroup;
			children = (
				50AA630E2ACBD80E008DC0DD /* MainSliderView.swift */,
				502048F62ACC80F000487F57 /* ProductSliderView.swift */,
			);
			path = Sliders;
			sourceTree = "<group>";
		};
		502048F52ACC803700487F57 /* Lists */ = {
			isa = PBXGroup;
			children = (
				502048F02ACC7BF700487F57 /* ProductsGridView.swift */,
			);
			path = Lists;
			sourceTree = "<group>";
		};
		50AA62BE2ACB74A1008DC0DD = {
			isa = PBXGroup;
			children = (
				50AA62C92ACB74A1008DC0DD /* ShoeStoreWithRedux */,
				50AA62C82ACB74A1008DC0DD /* Products */,
			);
			sourceTree = "<group>";
		};
		50AA62C82ACB74A1008DC0DD /* Products */ = {
			isa = PBXGroup;
			children = (
				50AA62C72ACB74A1008DC0DD /* ShoeStoreWithRedux.app */,
			);
			name = Products;
			sourceTree = "<group>";
		};
		50AA62C92ACB74A1008DC0DD /* ShoeStoreWithRedux */ = {
			isa = PBXGroup;
			children = (
				50AA63012ACBBDEA008DC0DD /* Info.plist */,
				50AA62CA2ACB74A1008DC0DD /* Main.swift */,
				50AA62D82ACB75FC008DC0DD /* Screens */,
				50AA62D92ACB7602008DC0DD /* Views */,
				50AA62DF2ACB78AD008DC0DD /* Utility */,
				50AA62EC2ACBBDB8008DC0DD /* Fonts */,
				50AA62CE2ACB74A3008DC0DD /* Assets.xcassets */,
				50AA62D02ACB74A3008DC0DD /* Preview Content */,
			);
			path = ShoeStoreWithRedux;
			sourceTree = "<group>";
		};
		50AA62D02ACB74A3008DC0DD /* Preview Content */ = {
			isa = PBXGroup;
			children = (
				50AA62D12ACB74A3008DC0DD /* Preview Assets.xcassets */,
			);
			path = "Preview Content";
			sourceTree = "<group>";
		};
		50AA62D82ACB75FC008DC0DD /* Screens */ = {
			isa = PBXGroup;
			children = (
				50AA62DB2ACB7621008DC0DD /* HomeScreen.swift */,
				50AA62E62ACBB4B6008DC0DD /* ListOfShoesScreen.swift */,
				50AA62E82ACBB56F008DC0DD /* ShoeDetailView.swift */,
				502048F82ACC81CB00487F57 /* TabView.swift */,
			);
			path = Screens;
			sourceTree = "<group>";
		};
		50AA62D92ACB7602008DC0DD /* Views */ = {
			isa = PBXGroup;
			children = (
				502048F52ACC803700487F57 /* Lists */,
				502048F42ACC803200487F57 /* Sliders */,
				502048F32ACC802C00487F57 /* Headers */,
				502048F22ACC7F7A00487F57 /* Cards */,
			);
			path = Views;
			sourceTree = "<group>";
		};
		50AA62DF2ACB78AD008DC0DD /* Utility */ = {
			isa = PBXGroup;
			children = (
				50AA62E02ACB78DC008DC0DD /* DebugViewLimit.swift */,
			);
			path = Utility;
			sourceTree = "<group>";
		};
		50AA62EC2ACBBDB8008DC0DD /* Fonts */ = {
			isa = PBXGroup;
			children = (
				50AA63042ACBBF7D008DC0DD /* Satoshi-Black.ttf */,
				50AA63032ACBBF7D008DC0DD /* Satoshi-Bold.ttf */,
				50AA63022ACBBF7D008DC0DD /* Satoshi-Light.ttf */,
				50AA630C2ACBBFE2008DC0DD /* Satoshi-Medium.ttf */,
				50AA63052ACBBF7E008DC0DD /* Satoshi-Regular.ttf */,
			);
			path = Fonts;
			sourceTree = "<group>";
		};
/* End PBXGroup section */

/* Begin PBXNativeTarget section */
		50AA62C62ACB74A1008DC0DD /* ShoeStoreWithRedux */ = {
			isa = PBXNativeTarget;
			buildConfigurationList = 50AA62D52ACB74A3008DC0DD /* Build configuration list for PBXNativeTarget "ShoeStoreWithRedux" */;
			buildPhases = (
				50AA62C32ACB74A1008DC0DD /* Sources */,
				50AA62C42ACB74A1008DC0DD /* Frameworks */,
				50AA62C52ACB74A1008DC0DD /* Resources */,
			);
			buildRules = (
			);
			dependencies = (
			);
			name = ShoeStoreWithRedux;
			productName = ShoeStoreWithRedux;
			productReference = 50AA62C72ACB74A1008DC0DD /* ShoeStoreWithRedux.app */;
			productType = "com.apple.product-type.application";
		};
/* End PBXNativeTarget section */

/* Begin PBXProject section */
		50AA62BF2ACB74A1008DC0DD /* Project object */ = {
			isa = PBXProject;
			attributes = {
				BuildIndependentTargetsInParallel = 1;
				LastSwiftUpdateCheck = 1500;
				LastUpgradeCheck = 1500;
				TargetAttributes = {
					50AA62C62ACB74A1008DC0DD = {
						CreatedOnToolsVersion = 15.0;
					};
				};
			};
			buildConfigurationList = 50AA62C22ACB74A1008DC0DD /* Build configuration list for PBXProject "ShoeStoreWithRedux" */;
			compatibilityVersion = "Xcode 14.0";
			developmentRegion = en;
			hasScannedForEncodings = 0;
			knownRegions = (
				en,
				Base,
			);
			mainGroup = 50AA62BE2ACB74A1008DC0DD;
			productRefGroup = 50AA62C82ACB74A1008DC0DD /* Products */;
			projectDirPath = "";
			projectRoot = "";
			targets = (
				50AA62C62ACB74A1008DC0DD /* ShoeStoreWithRedux */,
			);
		};
/* End PBXProject section */

/* Begin PBXResourcesBuildPhase section */
		50AA62C52ACB74A1008DC0DD /* Resources */ = {
			isa = PBXResourcesBuildPhase;
			buildActionMask = 2147483647;
			files = (
				50AA630D2ACBBFE2008DC0DD /* Satoshi-Medium.ttf in Resources */,
				50AA62D22ACB74A3008DC0DD /* Preview Assets.xcassets in Resources */,
				50AA63082ACBBF7E008DC0DD /* Satoshi-Black.ttf in Resources */,
				50AA63072ACBBF7E008DC0DD /* Satoshi-Bold.ttf in Resources */,
				50AA62CF2ACB74A3008DC0DD /* Assets.xcassets in Resources */,
				50AA63062ACBBF7E008DC0DD /* Satoshi-Light.ttf in Resources */,
				50AA63092ACBBF7E008DC0DD /* Satoshi-Regular.ttf in Resources */,
			);
			runOnlyForDeploymentPostprocessing = 0;
		};
/* End PBXResourcesBuildPhase section */

/* Begin PBXSourcesBuildPhase section */
		50AA62C32ACB74A1008DC0DD /* Sources */ = {
			isa = PBXSourcesBuildPhase;
			buildActionMask = 2147483647;
			files = (
				50AA62E12ACB78DC008DC0DD /* DebugViewLimit.swift in Sources */,
				502048F72ACC80F000487F57 /* ProductSliderView.swift in Sources */,
				50AA62E32ACB79CA008DC0DD /* SliderCardView.swift in Sources */,
				50AA62E52ACBB18B008DC0DD /* SectionHeaderAction.swift in Sources */,
				50AA62CB2ACB74A1008DC0DD /* Main.swift in Sources */,
				502048F12ACC7BF700487F57 /* ProductsGridView.swift in Sources */,
				50AA630F2ACBD80E008DC0DD /* MainSliderView.swift in Sources */,
				50AA62E92ACBB56F008DC0DD /* ShoeDetailView.swift in Sources */,
				50AA62E72ACBB4B6008DC0DD /* ListOfShoesScreen.swift in Sources */,
				50AA62DE2ACB764C008DC0DD /* ProductCardView.swift in Sources */,
				502048F92ACC81CB00487F57 /* TabView.swift in Sources */,
				50AA62DC2ACB7621008DC0DD /* HomeScreen.swift in Sources */,
			);
			runOnlyForDeploymentPostprocessing = 0;
		};
/* End PBXSourcesBuildPhase section */

/* Begin XCBuildConfiguration section */
		50AA62D32ACB74A3008DC0DD /* Debug */ = {
			isa = XCBuildConfiguration;
			buildSettings = {
				ALWAYS_SEARCH_USER_PATHS = NO;
				ASSETCATALOG_COMPILER_GENERATE_SWIFT_ASSET_SYMBOL_EXTENSIONS = YES;
				CLANG_ANALYZER_NONNULL = YES;
				CLANG_ANALYZER_NUMBER_OBJECT_CONVERSION = YES_AGGRESSIVE;
				CLANG_CXX_LANGUAGE_STANDARD = "gnu++20";
				CLANG_ENABLE_MODULES = YES;
				CLANG_ENABLE_OBJC_ARC = YES;
				CLANG_ENABLE_OBJC_WEAK = YES;
				CLANG_WARN_BLOCK_CAPTURE_AUTORELEASING = YES;
				CLANG_WARN_BOOL_CONVERSION = YES;
				CLANG_WARN_COMMA = YES;
				CLANG_WARN_CONSTANT_CONVERSION = YES;
				CLANG_WARN_DEPRECATED_OBJC_IMPLEMENTATIONS = YES;
				CLANG_WARN_DIRECT_OBJC_ISA_USAGE = YES_ERROR;
				CLANG_WARN_DOCUMENTATION_COMMENTS = YES;
				CLANG_WARN_EMPTY_BODY = YES;
				CLANG_WARN_ENUM_CONVERSION = YES;
				CLANG_WARN_INFINITE_RECURSION = YES;
				CLANG_WARN_INT_CONVERSION = YES;
				CLANG_WARN_NON_LITERAL_NULL_CONVERSION = YES;
				CLANG_WARN_OBJC_IMPLICIT_RETAIN_SELF = YES;
				CLANG_WARN_OBJC_LITERAL_CONVERSION = YES;
				CLANG_WARN_OBJC_ROOT_CLASS = YES_ERROR;
				CLANG_WARN_QUOTED_INCLUDE_IN_FRAMEWORK_HEADER = YES;
				CLANG_WARN_RANGE_LOOP_ANALYSIS = YES;
				CLANG_WARN_STRICT_PROTOTYPES = YES;
				CLANG_WARN_SUSPICIOUS_MOVE = YES;
				CLANG_WARN_UNGUARDED_AVAILABILITY = YES_AGGRESSIVE;
				CLANG_WARN_UNREACHABLE_CODE = YES;
				CLANG_WARN__DUPLICATE_METHOD_MATCH = YES;
				COPY_PHASE_STRIP = NO;
				DEBUG_INFORMATION_FORMAT = dwarf;
				ENABLE_STRICT_OBJC_MSGSEND = YES;
				ENABLE_TESTABILITY = YES;
				ENABLE_USER_SCRIPT_SANDBOXING = YES;
				GCC_C_LANGUAGE_STANDARD = gnu17;
				GCC_DYNAMIC_NO_PIC = NO;
				GCC_NO_COMMON_BLOCKS = YES;
				GCC_OPTIMIZATION_LEVEL = 0;
				GCC_PREPROCESSOR_DEFINITIONS = (
					"DEBUG=1",
					"$(inherited)",
				);
				GCC_WARN_64_TO_32_BIT_CONVERSION = YES;
				GCC_WARN_ABOUT_RETURN_TYPE = YES_ERROR;
				GCC_WARN_UNDECLARED_SELECTOR = YES;
				GCC_WARN_UNINITIALIZED_AUTOS = YES_AGGRESSIVE;
				GCC_WARN_UNUSED_FUNCTION = YES;
				GCC_WARN_UNUSED_VARIABLE = YES;
				IPHONEOS_DEPLOYMENT_TARGET = 17.0;
				LOCALIZATION_PREFERS_STRING_CATALOGS = YES;
				MTL_ENABLE_DEBUG_INFO = INCLUDE_SOURCE;
				MTL_FAST_MATH = YES;
				ONLY_ACTIVE_ARCH = YES;
				SDKROOT = iphoneos;
				SWIFT_ACTIVE_COMPILATION_CONDITIONS = "DEBUG $(inherited)";
				SWIFT_OPTIMIZATION_LEVEL = "-Onone";
			};
			name = Debug;
		};
		50AA62D42ACB74A3008DC0DD /* Release */ = {
			isa = XCBuildConfiguration;
			buildSettings = {
				ALWAYS_SEARCH_USER_PATHS = NO;
				ASSETCATALOG_COMPILER_GENERATE_SWIFT_ASSET_SYMBOL_EXTENSIONS = YES;
				CLANG_ANALYZER_NONNULL = YES;
				CLANG_ANALYZER_NUMBER_OBJECT_CONVERSION = YES_AGGRESSIVE;
				CLANG_CXX_LANGUAGE_STANDARD = "gnu++20";
				CLANG_ENABLE_MODULES = YES;
				CLANG_ENABLE_OBJC_ARC = YES;
				CLANG_ENABLE_OBJC_WEAK = YES;
				CLANG_WARN_BLOCK_CAPTURE_AUTORELEASING = YES;
				CLANG_WARN_BOOL_CONVERSION = YES;
				CLANG_WARN_COMMA = YES;
				CLANG_WARN_CONSTANT_CONVERSION = YES;
				CLANG_WARN_DEPRECATED_OBJC_IMPLEMENTATIONS = YES;
				CLANG_WARN_DIRECT_OBJC_ISA_USAGE = YES_ERROR;
				CLANG_WARN_DOCUMENTATION_COMMENTS = YES;
				CLANG_WARN_EMPTY_BODY = YES;
				CLANG_WARN_ENUM_CONVERSION = YES;
				CLANG_WARN_INFINITE_RECURSION = YES;
				CLANG_WARN_INT_CONVERSION = YES;
				CLANG_WARN_NON_LITERAL_NULL_CONVERSION = YES;
				CLANG_WARN_OBJC_IMPLICIT_RETAIN_SELF = YES;
				CLANG_WARN_OBJC_LITERAL_CONVERSION = YES;
				CLANG_WARN_OBJC_ROOT_CLASS = YES_ERROR;
				CLANG_WARN_QUOTED_INCLUDE_IN_FRAMEWORK_HEADER = YES;
				CLANG_WARN_RANGE_LOOP_ANALYSIS = YES;
				CLANG_WARN_STRICT_PROTOTYPES = YES;
				CLANG_WARN_SUSPICIOUS_MOVE = YES;
				CLANG_WARN_UNGUARDED_AVAILABILITY = YES_AGGRESSIVE;
				CLANG_WARN_UNREACHABLE_CODE = YES;
				CLANG_WARN__DUPLICATE_METHOD_MATCH = YES;
				COPY_PHASE_STRIP = NO;
				DEBUG_INFORMATION_FORMAT = "dwarf-with-dsym";
				ENABLE_NS_ASSERTIONS = NO;
				ENABLE_STRICT_OBJC_MSGSEND = YES;
				ENABLE_USER_SCRIPT_SANDBOXING = YES;
				GCC_C_LANGUAGE_STANDARD = gnu17;
				GCC_NO_COMMON_BLOCKS = YES;
				GCC_WARN_64_TO_32_BIT_CONVERSION = YES;
				GCC_WARN_ABOUT_RETURN_TYPE = YES_ERROR;
				GCC_WARN_UNDECLARED_SELECTOR = YES;
				GCC_WARN_UNINITIALIZED_AUTOS = YES_AGGRESSIVE;
				GCC_WARN_UNUSED_FUNCTION = YES;
				GCC_WARN_UNUSED_VARIABLE = YES;
				IPHONEOS_DEPLOYMENT_TARGET = 17.0;
				LOCALIZATION_PREFERS_STRING_CATALOGS = YES;
				MTL_ENABLE_DEBUG_INFO = NO;
				MTL_FAST_MATH = YES;
				SDKROOT = iphoneos;
				SWIFT_COMPILATION_MODE = wholemodule;
				VALIDATE_PRODUCT = YES;
			};
			name = Release;
		};
		50AA62D62ACB74A3008DC0DD /* Debug */ = {
			isa = XCBuildConfiguration;
			buildSettings = {
				ASSETCATALOG_COMPILER_APPICON_NAME = AppIcon;
				ASSETCATALOG_COMPILER_GLOBAL_ACCENT_COLOR_NAME = AccentColor;
				CODE_SIGN_STYLE = Automatic;
				CURRENT_PROJECT_VERSION = 1;
				DEVELOPMENT_ASSET_PATHS = "\"ShoeStoreWithRedux/Preview Content\"";
				DEVELOPMENT_TEAM = AAL663Y363;
				ENABLE_PREVIEWS = YES;
				GENERATE_INFOPLIST_FILE = YES;
				INFOPLIST_FILE = ShoeStoreWithRedux/Info.plist;
				INFOPLIST_KEY_UIApplicationSceneManifest_Generation = YES;
				INFOPLIST_KEY_UIApplicationSupportsIndirectInputEvents = YES;
				INFOPLIST_KEY_UILaunchScreen_Generation = YES;
				INFOPLIST_KEY_UISupportedInterfaceOrientations_iPad = "UIInterfaceOrientationPortrait UIInterfaceOrientationPortraitUpsideDown UIInterfaceOrientationLandscapeLeft UIInterfaceOrientationLandscapeRight";
				INFOPLIST_KEY_UISupportedInterfaceOrientations_iPhone = "UIInterfaceOrientationPortrait UIInterfaceOrientationLandscapeLeft UIInterfaceOrientationLandscapeRight";
				LD_RUNPATH_SEARCH_PATHS = (
					"$(inherited)",
					"@executable_path/Frameworks",
				);
				MARKETING_VERSION = 1.0;
				PRODUCT_BUNDLE_IDENTIFIER = dev.maxward.ShoeStoreWithRedux;
				PRODUCT_NAME = "$(TARGET_NAME)";
				SWIFT_EMIT_LOC_STRINGS = YES;
				SWIFT_VERSION = 5.0;
				TARGETED_DEVICE_FAMILY = "1,2";
			};
			name = Debug;
		};
		50AA62D72ACB74A3008DC0DD /* Release */ = {
			isa = XCBuildConfiguration;
			buildSettings = {
				ASSETCATALOG_COMPILER_APPICON_NAME = AppIcon;
				ASSETCATALOG_COMPILER_GLOBAL_ACCENT_COLOR_NAME = AccentColor;
				CODE_SIGN_STYLE = Automatic;
				CURRENT_PROJECT_VERSION = 1;
				DEVELOPMENT_ASSET_PATHS = "\"ShoeStoreWithRedux/Preview Content\"";
				DEVELOPMENT_TEAM = AAL663Y363;
				ENABLE_PREVIEWS = YES;
				GENERATE_INFOPLIST_FILE = YES;
				INFOPLIST_FILE = ShoeStoreWithRedux/Info.plist;
				INFOPLIST_KEY_UIApplicationSceneManifest_Generation = YES;
				INFOPLIST_KEY_UIApplicationSupportsIndirectInputEvents = YES;
				INFOPLIST_KEY_UILaunchScreen_Generation = YES;
				INFOPLIST_KEY_UISupportedInterfaceOrientations_iPad = "UIInterfaceOrientationPortrait UIInterfaceOrientationPortraitUpsideDown UIInterfaceOrientationLandscapeLeft UIInterfaceOrientationLandscapeRight";
				INFOPLIST_KEY_UISupportedInterfaceOrientations_iPhone = "UIInterfaceOrientationPortrait UIInterfaceOrientationLandscapeLeft UIInterfaceOrientationLandscapeRight";
				LD_RUNPATH_SEARCH_PATHS = (
					"$(inherited)",
					"@executable_path/Frameworks",
				);
				MARKETING_VERSION = 1.0;
				PRODUCT_BUNDLE_IDENTIFIER = dev.maxward.ShoeStoreWithRedux;
				PRODUCT_NAME = "$(TARGET_NAME)";
				SWIFT_EMIT_LOC_STRINGS = YES;
				SWIFT_VERSION = 5.0;
				TARGETED_DEVICE_FAMILY = "1,2";
			};
			name = Release;
		};
/* End XCBuildConfiguration section */

/* Begin XCConfigurationList section */
		50AA62C22ACB74A1008DC0DD /* Build configuration list for PBXProject "ShoeStoreWithRedux" */ = {
			isa = XCConfigurationList;
			buildConfigurations = (
				50AA62D32ACB74A3008DC0DD /* Debug */,
				50AA62D42ACB74A3008DC0DD /* Release */,
			);
			defaultConfigurationIsVisible = 0;
			defaultConfigurationName = Release;
		};
		50AA62D52ACB74A3008DC0DD /* Build configuration list for PBXNativeTarget "ShoeStoreWithRedux" */ = {
			isa = XCConfigurationList;
			buildConfigurations = (
				50AA62D62ACB74A3008DC0DD /* Debug */,
				50AA62D72ACB74A3008DC0DD /* Release */,
			);
			defaultConfigurationIsVisible = 0;
			defaultConfigurationName = Release;
		};
/* End XCConfigurationList section */
	};
	rootObject = 50AA62BF2ACB74A1008DC0DD /* Project object */;
}
